
Microsoft Visual Studio Solution File, Format Version 12.00
# Visual Studio Version 17
VisualStudioVersion = 17.0.31903.59
MinimumVisualStudioVersion = 10.0.40219.1
Project("{9A19103F-16F7-4668-BE54-9A1E7A4F7556}") = "PlatformWin32", "PlatformWin32\PlatformWin32.csproj", "{670BDDFF-927B-425D-9DD1-22ACB14356EB}"
EndProject
Project("{9A19103F-16F7-4668-BE54-9A1E7A4F7556}") = "Agg", "agg\Agg.csproj", "{657DBC6D-C3EA-4398-A3FA-DDB73C14F71B}"
EndProject
Project("{9A19103F-16F7-4668-BE54-9A1E7A4F7556}") = "Gui", "Gui\Gui.csproj", "{74F6BB6C-9D02-4512-A59A-21940E35C532}"
EndProject
Project("{9A19103F-16F7-4668-BE54-9A1E7A4F7556}") = "RenderOpenGl", "RenderOpenGl\RenderOpenGl.csproj", "{545B6912-77FF-4B34-BA76-6C3D6A32BE6A}"
EndProject
Project("{2150E333-8FDC-42A3-9474-1A3956D46DE8}") = "Demos", "Demos", "{3563E6F6-44B1-4E8E-9110-10042F60F3CD}"
EndProject
Project("{9A19103F-16F7-4668-BE54-9A1E7A4F7556}") = "rounded_rect", "examples\rounded_rect\rounded_rect.csproj", "{DA8EBDD6-0E11-422D-82E9-B2BA487D106D}"
EndProject
Project("{9A19103F-16F7-4668-BE54-9A1E7A4F7556}") = "image1", "examples\image1\image1.csproj", "{25D8987B-5449-4A31-B444-BCDF9E52D561}"
EndProject
Project("{9A19103F-16F7-4668-BE54-9A1E7A4F7556}") = "component_rendering", "examples\component_rendering\component_rendering.csproj", "{1FE9CE87-30B0-44A1-A8D4-4FCB80F81F34}"
EndProject
Project("{9A19103F-16F7-4668-BE54-9A1E7A4F7556}") = "blur", "examples\blur\blur.csproj", "{D0B56F16-6191-4337-8DA1-9B0A59708C7F}"
EndProject
Project("{9A19103F-16F7-4668-BE54-9A1E7A4F7556}") = "gouraud", "examples\gouraud\gouraud.csproj", "{DC6AEC82-D343-48C3-972B-88F608E5597D}"
EndProject
Project("{9A19103F-16F7-4668-BE54-9A1E7A4F7556}") = "perspective", "examples\perspective\perspective.csproj", "{EB8AE3D1-E17F-47D6-A7F3-3B670A65A702}"
EndProject
Project("{9A19103F-16F7-4668-BE54-9A1E7A4F7556}") = "alpha_mask2", "examples\alpha_mask2\alpha_mask2.csproj", "{D933EF7C-9219-4C28-931C-95EB3C8494D6}"
EndProject
Project("{9A19103F-16F7-4668-BE54-9A1E7A4F7556}") = "lion_outline", "examples\lion_outline\lion_outline.csproj", "{3E06C55C-4CF1-4CC3-86F4-E4DA1FAFFB06}"
EndProject
Project("{9A19103F-16F7-4668-BE54-9A1E7A4F7556}") = "image_filters", "examples\image_filters\image_filters.csproj", "{74BA5082-FD08-4BB9-8B30-39D9E80D2C8F}"
EndProject
Project("{9A19103F-16F7-4668-BE54-9A1E7A4F7556}") = "image_resample", "examples\image_resample\image_resample.csproj", "{C804A351-7E6F-4D93-8E4C-3AA8183D1608}"
EndProject
Project("{9A19103F-16F7-4668-BE54-9A1E7A4F7556}") = "gouraud_mesh", "examples\gouraud_mesh\gouraud_mesh.csproj", "{50237EE2-28DC-4F54-9E89-A8839A83AAE5}"
EndProject
Project("{9A19103F-16F7-4668-BE54-9A1E7A4F7556}") = "gradients", "examples\gradients\gradients.csproj", "{D1562E89-00E2-44D6-BC1E-9B017E0212B4}"
EndProject
Project("{9A19103F-16F7-4668-BE54-9A1E7A4F7556}") = "SmartSweepers", "examples\SmartSweepers\SmartSweepers.csproj", "{F237AE63-0021-4873-AC36-5B75C5F4DD1A}"
EndProject
Project("{9A19103F-16F7-4668-BE54-9A1E7A4F7556}") = "NeuralNet", "NeuralNet\NeuralNet.csproj", "{636B92E8-D491-4066-BDD2-7954E8B0BE1A}"
EndProject
Project("{9A19103F-16F7-4668-BE54-9A1E7A4F7556}") = "Tesselate", "Tesselate\Tesselate.csproj", "{AE37DE1F-22F7-49EE-8732-FC6BC8DC58D9}"
EndProject
Project("{9A19103F-16F7-4668-BE54-9A1E7A4F7556}") = "aa_test", "examples\aa_test\aa_test.csproj", "{0CD72C9C-5111-4B90-BFA9-06C5ABC389F6}"
EndProject
Project("{9A19103F-16F7-4668-BE54-9A1E7A4F7556}") = "line_patterns", "examples\line_patterns\line_patterns.csproj", "{E3ABD43B-4967-4156-B601-E264F0C2D0F8}"
EndProject
Project("{9A19103F-16F7-4668-BE54-9A1E7A4F7556}") = "LionShape", "examples\LionShape\LionShape.csproj", "{D368039F-10C9-4C51-B534-F9DA892693A0}"
EndProject
Project("{9A19103F-16F7-4668-BE54-9A1E7A4F7556}") = "GuiTester", "examples\GUITester\GuiTester.csproj", "{0B8D6F56-BD7F-4426-B858-D9292B084656}"
EndProject
Project("{9A19103F-16F7-4668-BE54-9A1E7A4F7556}") = "aa_demo", "examples\aa_demo\aa_demo.csproj", "{B90FCE13-D2DA-4759-ABFE-70B36BD32EC1}"
EndProject
Project("{9A19103F-16F7-4668-BE54-9A1E7A4F7556}") = "trans_curve1", "examples\trans_curve1\trans_curve1.csproj", "{E00C05A9-1DA5-48C4-B23F-9A2CEEE229D4}"
EndProject
Project("{9A19103F-16F7-4668-BE54-9A1E7A4F7556}") = "FloodFill", "examples\FloodFill\FloodFill.csproj", "{B40CE1AF-07A9-4B58-84CA-753D7D150AB9}"
EndProject
Project("{9A19103F-16F7-4668-BE54-9A1E7A4F7556}") = "lion", "examples\lion\lion.csproj", "{3BEFA755-A647-4A16-A73C-0ACF18211EBD}"
EndProject
Project("{9A19103F-16F7-4668-BE54-9A1E7A4F7556}") = "GCodeVisualizer", "examples\GCodeVisualizer\GCodeVisualizer.csproj", "{F67AE800-B0C7-42A8-836F-597B4E74591C}"
EndProject
Project("{2150E333-8FDC-42A3-9474-1A3956D46DE8}") = "Apps", "Apps", "{CB0173EF-5564-4835-8BBB-07124D7357AD}"
EndProject
Project("{9A19103F-16F7-4668-BE54-9A1E7A4F7556}") = "MomsSolitaire", "examples\MomsSolitaire\MomsSolitaire.csproj", "{4C81E7D6-CA91-4724-851D-2C6092E362C7}"
EndProject
Project("{9A19103F-16F7-4668-BE54-9A1E7A4F7556}") = "DemoRunner", "examples\DemoRunner\DemoRunner.csproj", "{68625601-A793-4222-8916-2A62E6971CB8}"
EndProject
Project("{9A19103F-16F7-4668-BE54-9A1E7A4F7556}") = "RockBlaster", "examples\RockBlaster\RockBlaster.csproj", "{43254794-FC6F-4B7C-A840-64261F736C82}"
EndProject
Project("{9A19103F-16F7-4668-BE54-9A1E7A4F7556}") = "SimpleDrawAndSave", "examples\SimpleDrawAndSave\SimpleDrawAndSave.csproj", "{E4A36D88-953C-4587-A445-B63F626BDC8A}"
EndProject
Project("{9A19103F-16F7-4668-BE54-9A1E7A4F7556}") = "Gaming", "Gaming\Gaming.csproj", "{79741A18-3523-41BE-93DB-EECBEF515591}"
EndProject
Project("{9A19103F-16F7-4668-BE54-9A1E7A4F7556}") = "Csg", "Csg\Csg.csproj", "{7E61A5BD-E78F-4B80-88C9-3821B4FA062E}"
EndProject
Project("{9A19103F-16F7-4668-BE54-9A1E7A4F7556}") = "VectorMath", "VectorMath\VectorMath.csproj", "{D3E41B4E-BFBB-44CA-94C8-95C00F754FDD}"
EndProject
Project("{9A19103F-16F7-4668-BE54-9A1E7A4F7556}") = "PolygonMesh", "PolygonMesh\PolygonMesh.csproj", "{86F6AAF2-9B50-40B8-A427-1897D76471C5}"
EndProject
Project("{9A19103F-16F7-4668-BE54-9A1E7A4F7556}") = "RayTracerTest", "examples\RayTracerTest\RayTracerTest.csproj", "{8DEE954D-1DCF-4C08-8C81-E847C8A48E80}"
EndProject
Project("{9A19103F-16F7-4668-BE54-9A1E7A4F7556}") = "FontHinting", "examples\FontHinting\FontHinting.csproj", "{891D3B58-3A66-45DF-BE6D-04E9FAAF883F}"
EndProject
Project("{9A19103F-16F7-4668-BE54-9A1E7A4F7556}") = "DataConverters3D", "DataConverters3D\DataConverters3D.csproj", "{04667764-DC7B-4B95-AEF6-B4E6C87A54E9}"
EndProject
Project("{9A19103F-16F7-4668-BE54-9A1E7A4F7556}") = "PolygonClipping", "examples\PolygonClipping\PolygonClipping.csproj", "{E8D6F1EF-5AD2-45F0-B71D-1214D00C5CE4}"
EndProject
Project("{9A19103F-16F7-4668-BE54-9A1E7A4F7556}") = "clipper_library", "clipper_library\clipper_library.csproj", "{9B062971-A88E-4A3D-B3C9-12B78D15FA66}"
EndProject
Project("{9A19103F-16F7-4668-BE54-9A1E7A4F7556}") = "HelloWorld", "examples\HelloWorld\HelloWorld.csproj", "{6944B672-ED03-4A8E-BA31-804EEB788507}"
EndProject
Project("{9A19103F-16F7-4668-BE54-9A1E7A4F7556}") = "MeshViewer", "examples\MeshViewer\MeshViewer.csproj", "{A737BC76-165B-46C6-82B7-8871C7C92942}"
EndProject
Project("{9A19103F-16F7-4668-BE54-9A1E7A4F7556}") = "Localizations", "Localizations\Localizations.csproj", "{CA96058C-1A37-465D-A357-D6D695B13D25}"
EndProject
Project("{9A19103F-16F7-4668-BE54-9A1E7A4F7556}") = "DataConverters2D", "DataConverters2D\DataConverters2D.csproj", "{94838988-523C-4B11-AD82-8B9B76F23A31}"
EndProject
Project("{9A19103F-16F7-4668-BE54-9A1E7A4F7556}") = "Agg.Tests", "Tests\Agg.Tests\Agg.Tests.csproj", "{195CBE56-E654-437B-AB05-3BE1B9452497}"
EndProject
Project("{9A19103F-16F7-4668-BE54-9A1E7A4F7556}") = "GuiAutomation", "GuiAutomation\GuiAutomation.csproj", "{E9102310-0029-4D8F-B1E9-88FBA6147D45}"
EndProject
Project("{9A19103F-16F7-4668-BE54-9A1E7A4F7556}") = "ImageProcessing", "ImageProcessing\ImageProcessing.csproj", "{036BCCBA-52D8-457C-84AE-8821F209FE4A}"
EndProject
Project("{9A19103F-16F7-4668-BE54-9A1E7A4F7556}") = "AForgeCamera", "AForgeCamera\AForgeCamera.csproj", "{9142B0A3-44AD-4CDB-8F71-E54DE2BA7D9B}"
EndProject
Project("{2150E333-8FDC-42A3-9474-1A3956D46DE8}") = "agg-sharp", "agg-sharp", "{7B61E043-F5D0-4CD5-9D34-F82BE9EF664C}"
EndProject
Project("{2150E333-8FDC-42A3-9474-1A3956D46DE8}") = "Tests", "Tests", "{6EF8C8A9-7EEF-4B0D-8080-E9D420E3FDD7}"
EndProject
Project("{9A19103F-16F7-4668-BE54-9A1E7A4F7556}") = "ObjParser", "PolygonMesh\ObjParser\ObjParser.csproj", "{04AA9B94-B460-4E73-BAF0-0154494BFE82}"
EndProject
Project("{2150E333-8FDC-42A3-9474-1A3956D46DE8}") = "Windows", "Windows", "{1B0DCBC1-6FD0-47FF-88DB-7F4E7FD4C8EC}"
EndProject
Project("{2150E333-8FDC-42A3-9474-1A3956D46DE8}") = "Typography", "Typography", "{7999BE91-B73D-4D2C-A479-8268B3D3E567}"
EndProject
Project("{D954291E-2A0B-460D-934E-DC6B0785DB48}") = "Typography.OpenFont", "Typography\Typography.OpenFont\Typography.OpenFont.shproj", "{235A071B-8D06-40AE-A5C5-B1CE59715EE9}"
EndProject
Project("{D954291E-2A0B-460D-934E-DC6B0785DB48}") = "Typography.GlyphLayout", "Typography\Typography.GlyphLayout\Typography.GlyphLayout.shproj", "{D8861CF8-C506-472B-8A57-632BD6CA6496}"
EndProject
Project("{9A19103F-16F7-4668-BE54-9A1E7A4F7556}") = "Typography.One", "Typography\Typography.One\Typography.One.csproj", "{B9EBC483-29BA-4F03-A1F5-89AFCBD22FA4}"
EndProject
Project("{9A19103F-16F7-4668-BE54-9A1E7A4F7556}") = "GlfwProvider", "Glfw\GlfwProvider.csproj", "{4FFC5B1F-E1FB-4411-84F4-2D564B8679DB}"
EndProject
Project("{9A19103F-16F7-4668-BE54-9A1E7A4F7556}") = "GLFW.NETStandard", "glfw-net\GLFW.NET\GLFW.NETStandard.csproj", "{7A1B2564-2921-4C16-AAE0-B0C5DFAE2AEC}"
EndProject
Project("{9A19103F-16F7-4668-BE54-9A1E7A4F7556}") = "geometry3Sharp", "geometry3Sharp\geometry3Sharp.csproj", "{56566079-F127-4E77-93F5-966CBCFAD4BD}"
EndProject
Project("{9A19103F-16F7-4668-BE54-9A1E7A4F7556}") = "TestInvoker", "Tests\TestInvoker\TestInvoker.csproj", "{0D1948C7-C76F-4CAB-AD30-0EBE22F64F09}"
EndProject
Global
	GlobalSection(SharedMSBuildProjectFiles) = preSolution
		Typography\Typography.OpenFont\Typography.OpenFont.projitems*{235a071b-8d06-40ae-a5c5-b1ce59715ee9}*SharedItemsImports = 13
		Typography\Typography.GlyphLayout\Typography.GlyphLayout.projitems*{b9ebc483-29ba-4f03-a1f5-89afcbd22fa4}*SharedItemsImports = 5
		Typography\Typography.OpenFont\Typography.OpenFont.projitems*{b9ebc483-29ba-4f03-a1f5-89afcbd22fa4}*SharedItemsImports = 5
		Typography\Typography.GlyphLayout\Typography.GlyphLayout.projitems*{d8861cf8-c506-472b-8a57-632bd6ca6496}*SharedItemsImports = 13
	EndGlobalSection
	GlobalSection(SolutionConfigurationPlatforms) = preSolution
		Debug|Any CPU = Debug|Any CPU
		Release|Any CPU = Release|Any CPU
	EndGlobalSection
	GlobalSection(ProjectConfigurationPlatforms) = postSolution
		{670BDDFF-927B-425D-9DD1-22ACB14356EB}.Debug|Any CPU.ActiveCfg = Debug|Any CPU
		{670BDDFF-927B-425D-9DD1-22ACB14356EB}.Debug|Any CPU.Build.0 = Debug|Any CPU
		{670BDDFF-927B-425D-9DD1-22ACB14356EB}.Release|Any CPU.ActiveCfg = Release|Any CPU
		{670BDDFF-927B-425D-9DD1-22ACB14356EB}.Release|Any CPU.Build.0 = Release|Any CPU
		{657DBC6D-C3EA-4398-A3FA-DDB73C14F71B}.Debug|Any CPU.ActiveCfg = Debug|Any CPU
		{657DBC6D-C3EA-4398-A3FA-DDB73C14F71B}.Debug|Any CPU.Build.0 = Debug|Any CPU
		{657DBC6D-C3EA-4398-A3FA-DDB73C14F71B}.Release|Any CPU.ActiveCfg = Release|Any CPU
		{657DBC6D-C3EA-4398-A3FA-DDB73C14F71B}.Release|Any CPU.Build.0 = Release|Any CPU
		{74F6BB6C-9D02-4512-A59A-21940E35C532}.Debug|Any CPU.ActiveCfg = Debug|Any CPU
		{74F6BB6C-9D02-4512-A59A-21940E35C532}.Debug|Any CPU.Build.0 = Debug|Any CPU
		{74F6BB6C-9D02-4512-A59A-21940E35C532}.Release|Any CPU.ActiveCfg = Release|Any CPU
		{74F6BB6C-9D02-4512-A59A-21940E35C532}.Release|Any CPU.Build.0 = Release|Any CPU
		{545B6912-77FF-4B34-BA76-6C3D6A32BE6A}.Debug|Any CPU.ActiveCfg = Debug|Any CPU
		{545B6912-77FF-4B34-BA76-6C3D6A32BE6A}.Debug|Any CPU.Build.0 = Debug|Any CPU
		{545B6912-77FF-4B34-BA76-6C3D6A32BE6A}.Release|Any CPU.ActiveCfg = Release|Any CPU
		{545B6912-77FF-4B34-BA76-6C3D6A32BE6A}.Release|Any CPU.Build.0 = Release|Any CPU
		{DA8EBDD6-0E11-422D-82E9-B2BA487D106D}.Debug|Any CPU.ActiveCfg = Debug|Any CPU
		{DA8EBDD6-0E11-422D-82E9-B2BA487D106D}.Debug|Any CPU.Build.0 = Debug|Any CPU
		{DA8EBDD6-0E11-422D-82E9-B2BA487D106D}.Release|Any CPU.ActiveCfg = Release|Any CPU
		{DA8EBDD6-0E11-422D-82E9-B2BA487D106D}.Release|Any CPU.Build.0 = Release|Any CPU
		{25D8987B-5449-4A31-B444-BCDF9E52D561}.Debug|Any CPU.ActiveCfg = Debug|Any CPU
		{25D8987B-5449-4A31-B444-BCDF9E52D561}.Debug|Any CPU.Build.0 = Debug|Any CPU
		{25D8987B-5449-4A31-B444-BCDF9E52D561}.Release|Any CPU.ActiveCfg = Release|Any CPU
		{25D8987B-5449-4A31-B444-BCDF9E52D561}.Release|Any CPU.Build.0 = Release|Any CPU
		{1FE9CE87-30B0-44A1-A8D4-4FCB80F81F34}.Debug|Any CPU.ActiveCfg = Debug|Any CPU
		{1FE9CE87-30B0-44A1-A8D4-4FCB80F81F34}.Debug|Any CPU.Build.0 = Debug|Any CPU
		{1FE9CE87-30B0-44A1-A8D4-4FCB80F81F34}.Release|Any CPU.ActiveCfg = Release|Any CPU
		{1FE9CE87-30B0-44A1-A8D4-4FCB80F81F34}.Release|Any CPU.Build.0 = Release|Any CPU
		{D0B56F16-6191-4337-8DA1-9B0A59708C7F}.Debug|Any CPU.ActiveCfg = Debug|Any CPU
		{D0B56F16-6191-4337-8DA1-9B0A59708C7F}.Debug|Any CPU.Build.0 = Debug|Any CPU
		{D0B56F16-6191-4337-8DA1-9B0A59708C7F}.Release|Any CPU.ActiveCfg = Release|Any CPU
		{D0B56F16-6191-4337-8DA1-9B0A59708C7F}.Release|Any CPU.Build.0 = Release|Any CPU
		{DC6AEC82-D343-48C3-972B-88F608E5597D}.Debug|Any CPU.ActiveCfg = Debug|Any CPU
		{DC6AEC82-D343-48C3-972B-88F608E5597D}.Debug|Any CPU.Build.0 = Debug|Any CPU
		{DC6AEC82-D343-48C3-972B-88F608E5597D}.Release|Any CPU.ActiveCfg = Release|Any CPU
		{DC6AEC82-D343-48C3-972B-88F608E5597D}.Release|Any CPU.Build.0 = Release|Any CPU
		{EB8AE3D1-E17F-47D6-A7F3-3B670A65A702}.Debug|Any CPU.ActiveCfg = Debug|Any CPU
		{EB8AE3D1-E17F-47D6-A7F3-3B670A65A702}.Debug|Any CPU.Build.0 = Debug|Any CPU
		{EB8AE3D1-E17F-47D6-A7F3-3B670A65A702}.Release|Any CPU.ActiveCfg = Release|Any CPU
		{EB8AE3D1-E17F-47D6-A7F3-3B670A65A702}.Release|Any CPU.Build.0 = Release|Any CPU
		{D933EF7C-9219-4C28-931C-95EB3C8494D6}.Debug|Any CPU.ActiveCfg = Debug|Any CPU
		{D933EF7C-9219-4C28-931C-95EB3C8494D6}.Debug|Any CPU.Build.0 = Debug|Any CPU
		{D933EF7C-9219-4C28-931C-95EB3C8494D6}.Release|Any CPU.ActiveCfg = Release|Any CPU
		{D933EF7C-9219-4C28-931C-95EB3C8494D6}.Release|Any CPU.Build.0 = Release|Any CPU
		{3E06C55C-4CF1-4CC3-86F4-E4DA1FAFFB06}.Debug|Any CPU.ActiveCfg = Debug|Any CPU
		{3E06C55C-4CF1-4CC3-86F4-E4DA1FAFFB06}.Debug|Any CPU.Build.0 = Debug|Any CPU
		{3E06C55C-4CF1-4CC3-86F4-E4DA1FAFFB06}.Release|Any CPU.ActiveCfg = Release|Any CPU
		{3E06C55C-4CF1-4CC3-86F4-E4DA1FAFFB06}.Release|Any CPU.Build.0 = Release|Any CPU
		{74BA5082-FD08-4BB9-8B30-39D9E80D2C8F}.Debug|Any CPU.ActiveCfg = Debug|Any CPU
		{74BA5082-FD08-4BB9-8B30-39D9E80D2C8F}.Debug|Any CPU.Build.0 = Debug|Any CPU
		{74BA5082-FD08-4BB9-8B30-39D9E80D2C8F}.Release|Any CPU.ActiveCfg = Release|Any CPU
		{74BA5082-FD08-4BB9-8B30-39D9E80D2C8F}.Release|Any CPU.Build.0 = Release|Any CPU
		{C804A351-7E6F-4D93-8E4C-3AA8183D1608}.Debug|Any CPU.ActiveCfg = Debug|Any CPU
		{C804A351-7E6F-4D93-8E4C-3AA8183D1608}.Debug|Any CPU.Build.0 = Debug|Any CPU
		{C804A351-7E6F-4D93-8E4C-3AA8183D1608}.Release|Any CPU.ActiveCfg = Release|Any CPU
		{C804A351-7E6F-4D93-8E4C-3AA8183D1608}.Release|Any CPU.Build.0 = Release|Any CPU
		{50237EE2-28DC-4F54-9E89-A8839A83AAE5}.Debug|Any CPU.ActiveCfg = Debug|Any CPU
		{50237EE2-28DC-4F54-9E89-A8839A83AAE5}.Debug|Any CPU.Build.0 = Debug|Any CPU
		{50237EE2-28DC-4F54-9E89-A8839A83AAE5}.Release|Any CPU.ActiveCfg = Release|Any CPU
		{50237EE2-28DC-4F54-9E89-A8839A83AAE5}.Release|Any CPU.Build.0 = Release|Any CPU
		{D1562E89-00E2-44D6-BC1E-9B017E0212B4}.Debug|Any CPU.ActiveCfg = Debug|Any CPU
		{D1562E89-00E2-44D6-BC1E-9B017E0212B4}.Debug|Any CPU.Build.0 = Debug|Any CPU
		{D1562E89-00E2-44D6-BC1E-9B017E0212B4}.Release|Any CPU.ActiveCfg = Release|Any CPU
		{D1562E89-00E2-44D6-BC1E-9B017E0212B4}.Release|Any CPU.Build.0 = Release|Any CPU
		{F237AE63-0021-4873-AC36-5B75C5F4DD1A}.Debug|Any CPU.ActiveCfg = Debug|Any CPU
		{F237AE63-0021-4873-AC36-5B75C5F4DD1A}.Debug|Any CPU.Build.0 = Debug|Any CPU
		{F237AE63-0021-4873-AC36-5B75C5F4DD1A}.Release|Any CPU.ActiveCfg = Release|Any CPU
		{F237AE63-0021-4873-AC36-5B75C5F4DD1A}.Release|Any CPU.Build.0 = Release|Any CPU
		{636B92E8-D491-4066-BDD2-7954E8B0BE1A}.Debug|Any CPU.ActiveCfg = Debug|Any CPU
		{636B92E8-D491-4066-BDD2-7954E8B0BE1A}.Debug|Any CPU.Build.0 = Debug|Any CPU
		{636B92E8-D491-4066-BDD2-7954E8B0BE1A}.Release|Any CPU.ActiveCfg = Release|Any CPU
		{636B92E8-D491-4066-BDD2-7954E8B0BE1A}.Release|Any CPU.Build.0 = Release|Any CPU
		{AE37DE1F-22F7-49EE-8732-FC6BC8DC58D9}.Debug|Any CPU.ActiveCfg = Debug|Any CPU
		{AE37DE1F-22F7-49EE-8732-FC6BC8DC58D9}.Debug|Any CPU.Build.0 = Debug|Any CPU
		{AE37DE1F-22F7-49EE-8732-FC6BC8DC58D9}.Release|Any CPU.ActiveCfg = Release|Any CPU
		{AE37DE1F-22F7-49EE-8732-FC6BC8DC58D9}.Release|Any CPU.Build.0 = Release|Any CPU
		{0CD72C9C-5111-4B90-BFA9-06C5ABC389F6}.Debug|Any CPU.ActiveCfg = Debug|Any CPU
		{0CD72C9C-5111-4B90-BFA9-06C5ABC389F6}.Debug|Any CPU.Build.0 = Debug|Any CPU
		{0CD72C9C-5111-4B90-BFA9-06C5ABC389F6}.Release|Any CPU.ActiveCfg = Release|Any CPU
		{0CD72C9C-5111-4B90-BFA9-06C5ABC389F6}.Release|Any CPU.Build.0 = Release|Any CPU
		{E3ABD43B-4967-4156-B601-E264F0C2D0F8}.Debug|Any CPU.ActiveCfg = Debug|Any CPU
		{E3ABD43B-4967-4156-B601-E264F0C2D0F8}.Debug|Any CPU.Build.0 = Debug|Any CPU
		{E3ABD43B-4967-4156-B601-E264F0C2D0F8}.Release|Any CPU.ActiveCfg = Release|Any CPU
		{E3ABD43B-4967-4156-B601-E264F0C2D0F8}.Release|Any CPU.Build.0 = Release|Any CPU
		{D368039F-10C9-4C51-B534-F9DA892693A0}.Debug|Any CPU.ActiveCfg = Debug|Any CPU
		{D368039F-10C9-4C51-B534-F9DA892693A0}.Debug|Any CPU.Build.0 = Debug|Any CPU
		{D368039F-10C9-4C51-B534-F9DA892693A0}.Release|Any CPU.ActiveCfg = Release|Any CPU
		{D368039F-10C9-4C51-B534-F9DA892693A0}.Release|Any CPU.Build.0 = Release|Any CPU
		{0B8D6F56-BD7F-4426-B858-D9292B084656}.Debug|Any CPU.ActiveCfg = Debug|Any CPU
		{0B8D6F56-BD7F-4426-B858-D9292B084656}.Debug|Any CPU.Build.0 = Debug|Any CPU
		{0B8D6F56-BD7F-4426-B858-D9292B084656}.Release|Any CPU.ActiveCfg = Release|Any CPU
		{0B8D6F56-BD7F-4426-B858-D9292B084656}.Release|Any CPU.Build.0 = Release|Any CPU
		{B90FCE13-D2DA-4759-ABFE-70B36BD32EC1}.Debug|Any CPU.ActiveCfg = Debug|Any CPU
		{B90FCE13-D2DA-4759-ABFE-70B36BD32EC1}.Debug|Any CPU.Build.0 = Debug|Any CPU
		{B90FCE13-D2DA-4759-ABFE-70B36BD32EC1}.Release|Any CPU.ActiveCfg = Release|Any CPU
		{B90FCE13-D2DA-4759-ABFE-70B36BD32EC1}.Release|Any CPU.Build.0 = Release|Any CPU
		{E00C05A9-1DA5-48C4-B23F-9A2CEEE229D4}.Debug|Any CPU.ActiveCfg = Debug|Any CPU
		{E00C05A9-1DA5-48C4-B23F-9A2CEEE229D4}.Debug|Any CPU.Build.0 = Debug|Any CPU
		{E00C05A9-1DA5-48C4-B23F-9A2CEEE229D4}.Release|Any CPU.ActiveCfg = Release|Any CPU
		{E00C05A9-1DA5-48C4-B23F-9A2CEEE229D4}.Release|Any CPU.Build.0 = Release|Any CPU
		{B40CE1AF-07A9-4B58-84CA-753D7D150AB9}.Debug|Any CPU.ActiveCfg = Debug|Any CPU
		{B40CE1AF-07A9-4B58-84CA-753D7D150AB9}.Debug|Any CPU.Build.0 = Debug|Any CPU
		{B40CE1AF-07A9-4B58-84CA-753D7D150AB9}.Release|Any CPU.ActiveCfg = Release|Any CPU
		{B40CE1AF-07A9-4B58-84CA-753D7D150AB9}.Release|Any CPU.Build.0 = Release|Any CPU
		{3BEFA755-A647-4A16-A73C-0ACF18211EBD}.Debug|Any CPU.ActiveCfg = Debug|Any CPU
		{3BEFA755-A647-4A16-A73C-0ACF18211EBD}.Debug|Any CPU.Build.0 = Debug|Any CPU
		{3BEFA755-A647-4A16-A73C-0ACF18211EBD}.Release|Any CPU.ActiveCfg = Release|Any CPU
		{3BEFA755-A647-4A16-A73C-0ACF18211EBD}.Release|Any CPU.Build.0 = Release|Any CPU
		{F67AE800-B0C7-42A8-836F-597B4E74591C}.Debug|Any CPU.ActiveCfg = Debug|Any CPU
		{F67AE800-B0C7-42A8-836F-597B4E74591C}.Debug|Any CPU.Build.0 = Debug|Any CPU
		{F67AE800-B0C7-42A8-836F-597B4E74591C}.Release|Any CPU.ActiveCfg = Release|Any CPU
		{F67AE800-B0C7-42A8-836F-597B4E74591C}.Release|Any CPU.Build.0 = Release|Any CPU
		{4C81E7D6-CA91-4724-851D-2C6092E362C7}.Debug|Any CPU.ActiveCfg = Debug|Any CPU
		{4C81E7D6-CA91-4724-851D-2C6092E362C7}.Debug|Any CPU.Build.0 = Debug|Any CPU
		{4C81E7D6-CA91-4724-851D-2C6092E362C7}.Release|Any CPU.ActiveCfg = Release|Any CPU
		{4C81E7D6-CA91-4724-851D-2C6092E362C7}.Release|Any CPU.Build.0 = Release|Any CPU
		{68625601-A793-4222-8916-2A62E6971CB8}.Debug|Any CPU.ActiveCfg = Debug|Any CPU
		{68625601-A793-4222-8916-2A62E6971CB8}.Debug|Any CPU.Build.0 = Debug|Any CPU
		{68625601-A793-4222-8916-2A62E6971CB8}.Release|Any CPU.ActiveCfg = Release|Any CPU
		{68625601-A793-4222-8916-2A62E6971CB8}.Release|Any CPU.Build.0 = Release|Any CPU
		{43254794-FC6F-4B7C-A840-64261F736C82}.Debug|Any CPU.ActiveCfg = Debug|Any CPU
		{43254794-FC6F-4B7C-A840-64261F736C82}.Debug|Any CPU.Build.0 = Debug|Any CPU
		{43254794-FC6F-4B7C-A840-64261F736C82}.Release|Any CPU.ActiveCfg = Release|Any CPU
		{43254794-FC6F-4B7C-A840-64261F736C82}.Release|Any CPU.Build.0 = Release|Any CPU
		{E4A36D88-953C-4587-A445-B63F626BDC8A}.Debug|Any CPU.ActiveCfg = Debug|Any CPU
		{E4A36D88-953C-4587-A445-B63F626BDC8A}.Debug|Any CPU.Build.0 = Debug|Any CPU
		{E4A36D88-953C-4587-A445-B63F626BDC8A}.Release|Any CPU.ActiveCfg = Release|Any CPU
		{E4A36D88-953C-4587-A445-B63F626BDC8A}.Release|Any CPU.Build.0 = Release|Any CPU
		{79741A18-3523-41BE-93DB-EECBEF515591}.Debug|Any CPU.ActiveCfg = Debug|Any CPU
		{79741A18-3523-41BE-93DB-EECBEF515591}.Debug|Any CPU.Build.0 = Debug|Any CPU
		{79741A18-3523-41BE-93DB-EECBEF515591}.Release|Any CPU.ActiveCfg = Release|Any CPU
		{79741A18-3523-41BE-93DB-EECBEF515591}.Release|Any CPU.Build.0 = Release|Any CPU
		{7E61A5BD-E78F-4B80-88C9-3821B4FA062E}.Debug|Any CPU.ActiveCfg = Debug|Any CPU
		{7E61A5BD-E78F-4B80-88C9-3821B4FA062E}.Debug|Any CPU.Build.0 = Debug|Any CPU
		{7E61A5BD-E78F-4B80-88C9-3821B4FA062E}.Release|Any CPU.ActiveCfg = Release|Any CPU
		{7E61A5BD-E78F-4B80-88C9-3821B4FA062E}.Release|Any CPU.Build.0 = Release|Any CPU
		{D3E41B4E-BFBB-44CA-94C8-95C00F754FDD}.Debug|Any CPU.ActiveCfg = Debug|Any CPU
		{D3E41B4E-BFBB-44CA-94C8-95C00F754FDD}.Debug|Any CPU.Build.0 = Debug|Any CPU
		{D3E41B4E-BFBB-44CA-94C8-95C00F754FDD}.Release|Any CPU.ActiveCfg = Release|Any CPU
		{D3E41B4E-BFBB-44CA-94C8-95C00F754FDD}.Release|Any CPU.Build.0 = Release|Any CPU
		{86F6AAF2-9B50-40B8-A427-1897D76471C5}.Debug|Any CPU.ActiveCfg = Debug|Any CPU
		{86F6AAF2-9B50-40B8-A427-1897D76471C5}.Debug|Any CPU.Build.0 = Debug|Any CPU
		{86F6AAF2-9B50-40B8-A427-1897D76471C5}.Release|Any CPU.ActiveCfg = Release|Any CPU
		{86F6AAF2-9B50-40B8-A427-1897D76471C5}.Release|Any CPU.Build.0 = Release|Any CPU
		{8DEE954D-1DCF-4C08-8C81-E847C8A48E80}.Debug|Any CPU.ActiveCfg = Debug|Any CPU
		{8DEE954D-1DCF-4C08-8C81-E847C8A48E80}.Debug|Any CPU.Build.0 = Debug|Any CPU
		{8DEE954D-1DCF-4C08-8C81-E847C8A48E80}.Release|Any CPU.ActiveCfg = Release|Any CPU
		{8DEE954D-1DCF-4C08-8C81-E847C8A48E80}.Release|Any CPU.Build.0 = Release|Any CPU
		{891D3B58-3A66-45DF-BE6D-04E9FAAF883F}.Debug|Any CPU.ActiveCfg = Debug|Any CPU
		{891D3B58-3A66-45DF-BE6D-04E9FAAF883F}.Debug|Any CPU.Build.0 = Debug|Any CPU
		{891D3B58-3A66-45DF-BE6D-04E9FAAF883F}.Release|Any CPU.ActiveCfg = Release|Any CPU
		{891D3B58-3A66-45DF-BE6D-04E9FAAF883F}.Release|Any CPU.Build.0 = Release|Any CPU
		{04667764-DC7B-4B95-AEF6-B4E6C87A54E9}.Debug|Any CPU.ActiveCfg = Debug|Any CPU
		{04667764-DC7B-4B95-AEF6-B4E6C87A54E9}.Debug|Any CPU.Build.0 = Debug|Any CPU
		{04667764-DC7B-4B95-AEF6-B4E6C87A54E9}.Release|Any CPU.ActiveCfg = Release|Any CPU
		{04667764-DC7B-4B95-AEF6-B4E6C87A54E9}.Release|Any CPU.Build.0 = Release|Any CPU
		{E8D6F1EF-5AD2-45F0-B71D-1214D00C5CE4}.Debug|Any CPU.ActiveCfg = Debug|Any CPU
		{E8D6F1EF-5AD2-45F0-B71D-1214D00C5CE4}.Debug|Any CPU.Build.0 = Debug|Any CPU
		{E8D6F1EF-5AD2-45F0-B71D-1214D00C5CE4}.Release|Any CPU.ActiveCfg = Release|Any CPU
		{E8D6F1EF-5AD2-45F0-B71D-1214D00C5CE4}.Release|Any CPU.Build.0 = Release|Any CPU
		{9B062971-A88E-4A3D-B3C9-12B78D15FA66}.Debug|Any CPU.ActiveCfg = Debug|Any CPU
		{9B062971-A88E-4A3D-B3C9-12B78D15FA66}.Debug|Any CPU.Build.0 = Debug|Any CPU
		{9B062971-A88E-4A3D-B3C9-12B78D15FA66}.Release|Any CPU.ActiveCfg = Release|Any CPU
		{9B062971-A88E-4A3D-B3C9-12B78D15FA66}.Release|Any CPU.Build.0 = Release|Any CPU
		{6944B672-ED03-4A8E-BA31-804EEB788507}.Debug|Any CPU.ActiveCfg = Debug|Any CPU
		{6944B672-ED03-4A8E-BA31-804EEB788507}.Debug|Any CPU.Build.0 = Debug|Any CPU
		{6944B672-ED03-4A8E-BA31-804EEB788507}.Release|Any CPU.ActiveCfg = Release|Any CPU
		{6944B672-ED03-4A8E-BA31-804EEB788507}.Release|Any CPU.Build.0 = Release|Any CPU
		{A737BC76-165B-46C6-82B7-8871C7C92942}.Debug|Any CPU.ActiveCfg = Debug|Any CPU
		{A737BC76-165B-46C6-82B7-8871C7C92942}.Debug|Any CPU.Build.0 = Debug|Any CPU
		{A737BC76-165B-46C6-82B7-8871C7C92942}.Release|Any CPU.ActiveCfg = Release|Any CPU
		{A737BC76-165B-46C6-82B7-8871C7C92942}.Release|Any CPU.Build.0 = Release|Any CPU
		{CA96058C-1A37-465D-A357-D6D695B13D25}.Debug|Any CPU.ActiveCfg = Debug|Any CPU
		{CA96058C-1A37-465D-A357-D6D695B13D25}.Debug|Any CPU.Build.0 = Debug|Any CPU
		{CA96058C-1A37-465D-A357-D6D695B13D25}.Release|Any CPU.ActiveCfg = Release|Any CPU
		{CA96058C-1A37-465D-A357-D6D695B13D25}.Release|Any CPU.Build.0 = Release|Any CPU
		{94838988-523C-4B11-AD82-8B9B76F23A31}.Debug|Any CPU.ActiveCfg = Debug|Any CPU
		{94838988-523C-4B11-AD82-8B9B76F23A31}.Debug|Any CPU.Build.0 = Debug|Any CPU
		{94838988-523C-4B11-AD82-8B9B76F23A31}.Release|Any CPU.ActiveCfg = Release|Any CPU
		{94838988-523C-4B11-AD82-8B9B76F23A31}.Release|Any CPU.Build.0 = Release|Any CPU
		{195CBE56-E654-437B-AB05-3BE1B9452497}.Debug|Any CPU.ActiveCfg = Debug|Any CPU
		{195CBE56-E654-437B-AB05-3BE1B9452497}.Debug|Any CPU.Build.0 = Debug|Any CPU
		{195CBE56-E654-437B-AB05-3BE1B9452497}.Release|Any CPU.ActiveCfg = Release|Any CPU
		{195CBE56-E654-437B-AB05-3BE1B9452497}.Release|Any CPU.Build.0 = Release|Any CPU
		{E9102310-0029-4D8F-B1E9-88FBA6147D45}.Debug|Any CPU.ActiveCfg = Debug|Any CPU
		{E9102310-0029-4D8F-B1E9-88FBA6147D45}.Debug|Any CPU.Build.0 = Debug|Any CPU
		{E9102310-0029-4D8F-B1E9-88FBA6147D45}.Release|Any CPU.ActiveCfg = Release|Any CPU
		{E9102310-0029-4D8F-B1E9-88FBA6147D45}.Release|Any CPU.Build.0 = Release|Any CPU
		{036BCCBA-52D8-457C-84AE-8821F209FE4A}.Debug|Any CPU.ActiveCfg = Debug|Any CPU
		{036BCCBA-52D8-457C-84AE-8821F209FE4A}.Debug|Any CPU.Build.0 = Debug|Any CPU
		{036BCCBA-52D8-457C-84AE-8821F209FE4A}.Release|Any CPU.ActiveCfg = Release|Any CPU
		{036BCCBA-52D8-457C-84AE-8821F209FE4A}.Release|Any CPU.Build.0 = Release|Any CPU
		{9142B0A3-44AD-4CDB-8F71-E54DE2BA7D9B}.Debug|Any CPU.ActiveCfg = Debug|Any CPU
		{9142B0A3-44AD-4CDB-8F71-E54DE2BA7D9B}.Debug|Any CPU.Build.0 = Debug|Any CPU
		{9142B0A3-44AD-4CDB-8F71-E54DE2BA7D9B}.Release|Any CPU.ActiveCfg = Release|Any CPU
		{9142B0A3-44AD-4CDB-8F71-E54DE2BA7D9B}.Release|Any CPU.Build.0 = Release|Any CPU
		{04AA9B94-B460-4E73-BAF0-0154494BFE82}.Debug|Any CPU.ActiveCfg = Debug|Any CPU
		{04AA9B94-B460-4E73-BAF0-0154494BFE82}.Debug|Any CPU.Build.0 = Debug|Any CPU
		{04AA9B94-B460-4E73-BAF0-0154494BFE82}.Release|Any CPU.ActiveCfg = Release|Any CPU
		{04AA9B94-B460-4E73-BAF0-0154494BFE82}.Release|Any CPU.Build.0 = Release|Any CPU
		{B9EBC483-29BA-4F03-A1F5-89AFCBD22FA4}.Debug|Any CPU.ActiveCfg = Debug|Any CPU
		{B9EBC483-29BA-4F03-A1F5-89AFCBD22FA4}.Debug|Any CPU.Build.0 = Debug|Any CPU
		{B9EBC483-29BA-4F03-A1F5-89AFCBD22FA4}.Release|Any CPU.ActiveCfg = Release|Any CPU
		{B9EBC483-29BA-4F03-A1F5-89AFCBD22FA4}.Release|Any CPU.Build.0 = Release|Any CPU
		{4FFC5B1F-E1FB-4411-84F4-2D564B8679DB}.Debug|Any CPU.ActiveCfg = Debug|Any CPU
		{4FFC5B1F-E1FB-4411-84F4-2D564B8679DB}.Debug|Any CPU.Build.0 = Debug|Any CPU
		{4FFC5B1F-E1FB-4411-84F4-2D564B8679DB}.Release|Any CPU.ActiveCfg = Release|Any CPU
		{4FFC5B1F-E1FB-4411-84F4-2D564B8679DB}.Release|Any CPU.Build.0 = Release|Any CPU
		{7A1B2564-2921-4C16-AAE0-B0C5DFAE2AEC}.Debug|Any CPU.ActiveCfg = Debug|Any CPU
		{7A1B2564-2921-4C16-AAE0-B0C5DFAE2AEC}.Debug|Any CPU.Build.0 = Debug|Any CPU
		{7A1B2564-2921-4C16-AAE0-B0C5DFAE2AEC}.Release|Any CPU.ActiveCfg = Release|Any CPU
		{7A1B2564-2921-4C16-AAE0-B0C5DFAE2AEC}.Release|Any CPU.Build.0 = Release|Any CPU
		{56566079-F127-4E77-93F5-966CBCFAD4BD}.Debug|Any CPU.ActiveCfg = Debug|Any CPU
		{56566079-F127-4E77-93F5-966CBCFAD4BD}.Debug|Any CPU.Build.0 = Debug|Any CPU
		{56566079-F127-4E77-93F5-966CBCFAD4BD}.Release|Any CPU.ActiveCfg = Release|Any CPU
		{56566079-F127-4E77-93F5-966CBCFAD4BD}.Release|Any CPU.Build.0 = Release|Any CPU
		{0D1948C7-C76F-4CAB-AD30-0EBE22F64F09}.Debug|Any CPU.ActiveCfg = Debug|Any CPU
		{0D1948C7-C76F-4CAB-AD30-0EBE22F64F09}.Debug|Any CPU.Build.0 = Debug|Any CPU
		{0D1948C7-C76F-4CAB-AD30-0EBE22F64F09}.Release|Any CPU.ActiveCfg = Release|Any CPU
		{0D1948C7-C76F-4CAB-AD30-0EBE22F64F09}.Release|Any CPU.Build.0 = Release|Any CPU
	EndGlobalSection
	GlobalSection(SolutionProperties) = preSolution
		HideSolutionNode = FALSE
	EndGlobalSection
	GlobalSection(NestedProjects) = preSolution
		{670BDDFF-927B-425D-9DD1-22ACB14356EB} = {1B0DCBC1-6FD0-47FF-88DB-7F4E7FD4C8EC}
		{657DBC6D-C3EA-4398-A3FA-DDB73C14F71B} = {7B61E043-F5D0-4CD5-9D34-F82BE9EF664C}
		{74F6BB6C-9D02-4512-A59A-21940E35C532} = {7B61E043-F5D0-4CD5-9D34-F82BE9EF664C}
		{545B6912-77FF-4B34-BA76-6C3D6A32BE6A} = {7B61E043-F5D0-4CD5-9D34-F82BE9EF664C}
		{DA8EBDD6-0E11-422D-82E9-B2BA487D106D} = {3563E6F6-44B1-4E8E-9110-10042F60F3CD}
		{25D8987B-5449-4A31-B444-BCDF9E52D561} = {3563E6F6-44B1-4E8E-9110-10042F60F3CD}
		{1FE9CE87-30B0-44A1-A8D4-4FCB80F81F34} = {3563E6F6-44B1-4E8E-9110-10042F60F3CD}
		{D0B56F16-6191-4337-8DA1-9B0A59708C7F} = {3563E6F6-44B1-4E8E-9110-10042F60F3CD}
		{DC6AEC82-D343-48C3-972B-88F608E5597D} = {3563E6F6-44B1-4E8E-9110-10042F60F3CD}
		{EB8AE3D1-E17F-47D6-A7F3-3B670A65A702} = {3563E6F6-44B1-4E8E-9110-10042F60F3CD}
		{D933EF7C-9219-4C28-931C-95EB3C8494D6} = {3563E6F6-44B1-4E8E-9110-10042F60F3CD}
		{3E06C55C-4CF1-4CC3-86F4-E4DA1FAFFB06} = {3563E6F6-44B1-4E8E-9110-10042F60F3CD}
		{74BA5082-FD08-4BB9-8B30-39D9E80D2C8F} = {3563E6F6-44B1-4E8E-9110-10042F60F3CD}
		{C804A351-7E6F-4D93-8E4C-3AA8183D1608} = {3563E6F6-44B1-4E8E-9110-10042F60F3CD}
		{50237EE2-28DC-4F54-9E89-A8839A83AAE5} = {3563E6F6-44B1-4E8E-9110-10042F60F3CD}
		{D1562E89-00E2-44D6-BC1E-9B017E0212B4} = {3563E6F6-44B1-4E8E-9110-10042F60F3CD}
		{F237AE63-0021-4873-AC36-5B75C5F4DD1A} = {3563E6F6-44B1-4E8E-9110-10042F60F3CD}
		{636B92E8-D491-4066-BDD2-7954E8B0BE1A} = {3563E6F6-44B1-4E8E-9110-10042F60F3CD}
		{AE37DE1F-22F7-49EE-8732-FC6BC8DC58D9} = {7B61E043-F5D0-4CD5-9D34-F82BE9EF664C}
		{0CD72C9C-5111-4B90-BFA9-06C5ABC389F6} = {3563E6F6-44B1-4E8E-9110-10042F60F3CD}
		{E3ABD43B-4967-4156-B601-E264F0C2D0F8} = {3563E6F6-44B1-4E8E-9110-10042F60F3CD}
		{D368039F-10C9-4C51-B534-F9DA892693A0} = {3563E6F6-44B1-4E8E-9110-10042F60F3CD}
		{0B8D6F56-BD7F-4426-B858-D9292B084656} = {3563E6F6-44B1-4E8E-9110-10042F60F3CD}
		{B90FCE13-D2DA-4759-ABFE-70B36BD32EC1} = {3563E6F6-44B1-4E8E-9110-10042F60F3CD}
		{E00C05A9-1DA5-48C4-B23F-9A2CEEE229D4} = {3563E6F6-44B1-4E8E-9110-10042F60F3CD}
		{B40CE1AF-07A9-4B58-84CA-753D7D150AB9} = {3563E6F6-44B1-4E8E-9110-10042F60F3CD}
		{3BEFA755-A647-4A16-A73C-0ACF18211EBD} = {3563E6F6-44B1-4E8E-9110-10042F60F3CD}
		{F67AE800-B0C7-42A8-836F-597B4E74591C} = {3563E6F6-44B1-4E8E-9110-10042F60F3CD}
		{4C81E7D6-CA91-4724-851D-2C6092E362C7} = {3563E6F6-44B1-4E8E-9110-10042F60F3CD}
		{68625601-A793-4222-8916-2A62E6971CB8} = {CB0173EF-5564-4835-8BBB-07124D7357AD}
		{43254794-FC6F-4B7C-A840-64261F736C82} = {CB0173EF-5564-4835-8BBB-07124D7357AD}
		{E4A36D88-953C-4587-A445-B63F626BDC8A} = {CB0173EF-5564-4835-8BBB-07124D7357AD}
		{7E61A5BD-E78F-4B80-88C9-3821B4FA062E} = {7B61E043-F5D0-4CD5-9D34-F82BE9EF664C}
		{D3E41B4E-BFBB-44CA-94C8-95C00F754FDD} = {7B61E043-F5D0-4CD5-9D34-F82BE9EF664C}
		{86F6AAF2-9B50-40B8-A427-1897D76471C5} = {7B61E043-F5D0-4CD5-9D34-F82BE9EF664C}
		{8DEE954D-1DCF-4C08-8C81-E847C8A48E80} = {CB0173EF-5564-4835-8BBB-07124D7357AD}
		{891D3B58-3A66-45DF-BE6D-04E9FAAF883F} = {3563E6F6-44B1-4E8E-9110-10042F60F3CD}
		{04667764-DC7B-4B95-AEF6-B4E6C87A54E9} = {7B61E043-F5D0-4CD5-9D34-F82BE9EF664C}
		{E8D6F1EF-5AD2-45F0-B71D-1214D00C5CE4} = {3563E6F6-44B1-4E8E-9110-10042F60F3CD}
		{9B062971-A88E-4A3D-B3C9-12B78D15FA66} = {7B61E043-F5D0-4CD5-9D34-F82BE9EF664C}
		{6944B672-ED03-4A8E-BA31-804EEB788507} = {CB0173EF-5564-4835-8BBB-07124D7357AD}
		{A737BC76-165B-46C6-82B7-8871C7C92942} = {CB0173EF-5564-4835-8BBB-07124D7357AD}
		{CA96058C-1A37-465D-A357-D6D695B13D25} = {7B61E043-F5D0-4CD5-9D34-F82BE9EF664C}
		{94838988-523C-4B11-AD82-8B9B76F23A31} = {7B61E043-F5D0-4CD5-9D34-F82BE9EF664C}
		{195CBE56-E654-437B-AB05-3BE1B9452497} = {6EF8C8A9-7EEF-4B0D-8080-E9D420E3FDD7}
		{E9102310-0029-4D8F-B1E9-88FBA6147D45} = {1B0DCBC1-6FD0-47FF-88DB-7F4E7FD4C8EC}
		{036BCCBA-52D8-457C-84AE-8821F209FE4A} = {1B0DCBC1-6FD0-47FF-88DB-7F4E7FD4C8EC}
		{04AA9B94-B460-4E73-BAF0-0154494BFE82} = {3563E6F6-44B1-4E8E-9110-10042F60F3CD}
		{1B0DCBC1-6FD0-47FF-88DB-7F4E7FD4C8EC} = {7B61E043-F5D0-4CD5-9D34-F82BE9EF664C}
		{7999BE91-B73D-4D2C-A479-8268B3D3E567} = {7B61E043-F5D0-4CD5-9D34-F82BE9EF664C}
		{235A071B-8D06-40AE-A5C5-B1CE59715EE9} = {7999BE91-B73D-4D2C-A479-8268B3D3E567}
		{D8861CF8-C506-472B-8A57-632BD6CA6496} = {7999BE91-B73D-4D2C-A479-8268B3D3E567}
		{B9EBC483-29BA-4F03-A1F5-89AFCBD22FA4} = {7999BE91-B73D-4D2C-A479-8268B3D3E567}
		{4FFC5B1F-E1FB-4411-84F4-2D564B8679DB} = {7B61E043-F5D0-4CD5-9D34-F82BE9EF664C}
		{7A1B2564-2921-4C16-AAE0-B0C5DFAE2AEC} = {7B61E043-F5D0-4CD5-9D34-F82BE9EF664C}
		{56566079-F127-4E77-93F5-966CBCFAD4BD} = {7B61E043-F5D0-4CD5-9D34-F82BE9EF664C}
		{0D1948C7-C76F-4CAB-AD30-0EBE22F64F09} = {6EF8C8A9-7EEF-4B0D-8080-E9D420E3FDD7}
	EndGlobalSection
	GlobalSection(ExtensibilityGlobals) = postSolution
		SolutionGuid = {CCCBC34D-2222-45D8-8652-9D1846B8B2DD}
	EndGlobalSection
	GlobalSection(MonoDevelopProperties) = preSolution
		StartupItem = DemoRunner\DemoRunner.csproj
	EndGlobalSection
EndGlobal
