
Microsoft Visual Studio Solution File, Format Version 9.00
# Visual Studio 2005
Project("{FAE04EC0-301F-11D3-BF4B-00C04F79EFBC}") = "aa_test", "aa_test.csproj", "{0CD72C9C-5111-4B90-BFA9-06C5ABC389F6}"
	ProjectSection(ProjectDependencies) = postProject
		{657DBC6D-C3EA-4398-A3FA-DDB73C14F71B} = {657DBC6D-C3EA-4398-A3FA-DDB73C14F71B}
		{670BDDFF-927B-425D-9DD1-22ACB14356EB} = {670BDDFF-927B-425D-9DD1-22ACB14356EB}
	EndProjectSection
EndProject
Project("{FAE04EC0-301F-11D3-BF4B-00C04F79EFBC}") = "AGG", "..\..\agg\AGG.csproj", "{657DBC6D-C3EA-4398-A3FA-DDB73C14F71B}"
EndProject
Project("{FAE04EC0-301F-11D3-BF4B-00C04F79EFBC}") = "agg_platform_win32", "..\..\agg_platform_win32\agg_platform_win32.csproj", "{670BDDFF-927B-425D-9DD1-22ACB14356EB}"
	ProjectSection(ProjectDependencies) = postProject
		{74F6BB6C-9D02-4512-A59A-21940E35C532} = {74F6BB6C-9D02-4512-A59A-21940E35C532}
	EndProjectSection
EndProject
Project("{FAE04EC0-301F-11D3-BF4B-00C04F79EFBC}") = "agg_gui", "..\..\agg_gui\agg_gui.csproj", "{74F6BB6C-9D02-4512-A59A-21940E35C532}"
	ProjectSection(ProjectDependencies) = postProject
		{657DBC6D-C3EA-4398-A3FA-DDB73C14F71B} = {657DBC6D-C3EA-4398-A3FA-DDB73C14F71B}
	EndProjectSection
EndProject
Global
	GlobalSection(SolutionConfigurationPlatforms) = preSolution
		Debug|Any CPU = Debug|Any CPU
		Release|Any CPU = Release|Any CPU
	EndGlobalSection
	GlobalSection(ProjectConfigurationPlatforms) = postSolution
		{0CD72C9C-5111-4B90-BFA9-06C5ABC389F6}.Debug|Any CPU.ActiveCfg = Debug|Any CPU
		{0CD72C9C-5111-4B90-BFA9-06C5ABC389F6}.Debug|Any CPU.Build.0 = Debug|Any CPU
		{0CD72C9C-5111-4B90-BFA9-06C5ABC389F6}.Release|Any CPU.ActiveCfg = Release|Any CPU
		{0CD72C9C-5111-4B90-BFA9-06C5ABC389F6}.Release|Any CPU.Build.0 = Release|Any CPU
		{657DBC6D-C3EA-4398-A3FA-DDB73C14F71B}.Debug|Any CPU.ActiveCfg = Debug|Any CPU
		{657DBC6D-C3EA-4398-A3FA-DDB73C14F71B}.Debug|Any CPU.Build.0 = Debug|Any CPU
		{657DBC6D-C3EA-4398-A3FA-DDB73C14F71B}.Release|Any CPU.ActiveCfg = Release|Any CPU
		{657DBC6D-C3EA-4398-A3FA-DDB73C14F71B}.Release|Any CPU.Build.0 = Release|Any CPU
		{670BDDFF-927B-425D-9DD1-22ACB14356EB}.Debug|Any CPU.ActiveCfg = Debug|Any CPU
		{670BDDFF-927B-425D-9DD1-22ACB14356EB}.Debug|Any CPU.Build.0 = Debug|Any CPU
		{670BDDFF-927B-425D-9DD1-22ACB14356EB}.Release|Any CPU.ActiveCfg = Release|Any CPU
		{670BDDFF-927B-425D-9DD1-22ACB14356EB}.Release|Any CPU.Build.0 = Release|Any CPU
		{74F6BB6C-9D02-4512-A59A-21940E35C532}.Debug|Any CPU.ActiveCfg = Debug|Any CPU
		{74F6BB6C-9D02-4512-A59A-21940E35C532}.Debug|Any CPU.Build.0 = Debug|Any CPU
		{74F6BB6C-9D02-4512-A59A-21940E35C532}.Release|Any CPU.ActiveCfg = Release|Any CPU
		{74F6BB6C-9D02-4512-A59A-21940E35C532}.Release|Any CPU.Build.0 = Release|Any CPU
	EndGlobalSection
	GlobalSection(SolutionProperties) = preSolution
		HideSolutionNode = FALSE
	EndGlobalSection
EndGlobal
