
Microsoft Visual Studio Solution File, Format Version 11.00
# Visual Studio 2010
Project("{FAE04EC0-301F-11D3-BF4B-00C04F79EFBC}") = "SimplePartTester", "SimplePartTester.csproj", "{B9B1F9C2-C763-4CB4-AA52-9D0D0AD86E26}"
EndProject
Project("{FAE04EC0-301F-11D3-BF4B-00C04F79EFBC}") = "Csg", "..\..\..\agg-sharp\Csg\Csg.csproj", "{7E61A5BD-E78F-4B80-88C9-3821B4FA062E}"
EndProject
Project("{FAE04EC0-301F-11D3-BF4B-00C04F79EFBC}") = "VectorMath", "..\..\..\agg-sharp\VectorMath\VectorMath.csproj", "{D3E41B4E-BFBB-44CA-94C8-95C00F754FDD}"
EndProject
Global
	GlobalSection(SolutionConfigurationPlatforms) = preSolution
		Debug|Any CPU = Debug|Any CPU
		Debug|Mixed Platforms = Debug|Mixed Platforms
		Debug|x86 = Debug|x86
		Release|Any CPU = Release|Any CPU
		Release|Mixed Platforms = Release|Mixed Platforms
		Release|x86 = Release|x86
	EndGlobalSection
	GlobalSection(ProjectConfigurationPlatforms) = postSolution
		{B9B1F9C2-C763-4CB4-AA52-9D0D0AD86E26}.Debug|Any CPU.ActiveCfg = Debug|x86
		{B9B1F9C2-C763-4CB4-AA52-9D0D0AD86E26}.Debug|Mixed Platforms.ActiveCfg = Debug|x86
		{B9B1F9C2-C763-4CB4-AA52-9D0D0AD86E26}.Debug|Mixed Platforms.Build.0 = Debug|x86
		{B9B1F9C2-C763-4CB4-AA52-9D0D0AD86E26}.Debug|x86.ActiveCfg = Debug|x86
		{B9B1F9C2-C763-4CB4-AA52-9D0D0AD86E26}.Debug|x86.Build.0 = Debug|x86
		{B9B1F9C2-C763-4CB4-AA52-9D0D0AD86E26}.Release|Any CPU.ActiveCfg = Release|x86
		{B9B1F9C2-C763-4CB4-AA52-9D0D0AD86E26}.Release|Mixed Platforms.ActiveCfg = Release|x86
		{B9B1F9C2-C763-4CB4-AA52-9D0D0AD86E26}.Release|Mixed Platforms.Build.0 = Release|x86
		{B9B1F9C2-C763-4CB4-AA52-9D0D0AD86E26}.Release|x86.ActiveCfg = Release|x86
		{B9B1F9C2-C763-4CB4-AA52-9D0D0AD86E26}.Release|x86.Build.0 = Release|x86
		{7E61A5BD-E78F-4B80-88C9-3821B4FA062E}.Debug|Any CPU.ActiveCfg = Debug|Any CPU
		{7E61A5BD-E78F-4B80-88C9-3821B4FA062E}.Debug|Any CPU.Build.0 = Debug|Any CPU
		{7E61A5BD-E78F-4B80-88C9-3821B4FA062E}.Debug|Mixed Platforms.ActiveCfg = Debug|Any CPU
		{7E61A5BD-E78F-4B80-88C9-3821B4FA062E}.Debug|Mixed Platforms.Build.0 = Debug|Any CPU
		{7E61A5BD-E78F-4B80-88C9-3821B4FA062E}.Debug|x86.ActiveCfg = Debug|Any CPU
		{7E61A5BD-E78F-4B80-88C9-3821B4FA062E}.Release|Any CPU.ActiveCfg = Release|Any CPU
		{7E61A5BD-E78F-4B80-88C9-3821B4FA062E}.Release|Any CPU.Build.0 = Release|Any CPU
		{7E61A5BD-E78F-4B80-88C9-3821B4FA062E}.Release|Mixed Platforms.ActiveCfg = Release|Any CPU
		{7E61A5BD-E78F-4B80-88C9-3821B4FA062E}.Release|Mixed Platforms.Build.0 = Release|Any CPU
		{7E61A5BD-E78F-4B80-88C9-3821B4FA062E}.Release|x86.ActiveCfg = Release|Any CPU
		{D3E41B4E-BFBB-44CA-94C8-95C00F754FDD}.Debug|Any CPU.ActiveCfg = Debug|Any CPU
		{D3E41B4E-BFBB-44CA-94C8-95C00F754FDD}.Debug|Any CPU.Build.0 = Debug|Any CPU
		{D3E41B4E-BFBB-44CA-94C8-95C00F754FDD}.Debug|Mixed Platforms.ActiveCfg = Debug|Any CPU
		{D3E41B4E-BFBB-44CA-94C8-95C00F754FDD}.Debug|Mixed Platforms.Build.0 = Debug|Any CPU
		{D3E41B4E-BFBB-44CA-94C8-95C00F754FDD}.Debug|x86.ActiveCfg = Debug|Any CPU
		{D3E41B4E-BFBB-44CA-94C8-95C00F754FDD}.Release|Any CPU.ActiveCfg = Release|Any CPU
		{D3E41B4E-BFBB-44CA-94C8-95C00F754FDD}.Release|Any CPU.Build.0 = Release|Any CPU
		{D3E41B4E-BFBB-44CA-94C8-95C00F754FDD}.Release|Mixed Platforms.ActiveCfg = Release|Any CPU
		{D3E41B4E-BFBB-44CA-94C8-95C00F754FDD}.Release|Mixed Platforms.Build.0 = Release|Any CPU
		{D3E41B4E-BFBB-44CA-94C8-95C00F754FDD}.Release|x86.ActiveCfg = Release|Any CPU
	EndGlobalSection
	GlobalSection(SolutionProperties) = preSolution
		HideSolutionNode = FALSE
	EndGlobalSection
EndGlobal
