
Microsoft Visual Studio Solution File, Format Version 9.00
# Visual Studio 2005
Project("{FAE04EC0-301F-11D3-BF4B-00C04F79EFBC}") = "gradients", "gradients.csproj", "{3BEFA755-A647-4A16-A73C-0ACF18211EBD}"
	ProjectSection(ProjectDependencies) = postProject
		{657DBC6D-C3EA-4398-A3FA-DDB73C14F71B} = {657DBC6D-C3EA-4398-A3FA-DDB73C14F71B}
		{670BDDFF-927B-425D-9DD1-22ACB14356EB} = {670BDDFF-927B-425D-9DD1-22ACB14356EB}
	EndProjectSection
EndProject
Project("{FAE04EC0-301F-11D3-BF4B-00C04F79EFBC}") = "agg_dll", "..\..\..\agg\agg_dll.csproj", "{657DBC6D-C3EA-4398-A3FA-DDB73C14F71B}"
EndProject
Project("{FAE04EC0-301F-11D3-BF4B-00C04F79EFBC}") = "agg_platform_win32", "..\..\..\agg_platform_win32\agg_platform_win32.csproj", "{670BDDFF-927B-425D-9DD1-22ACB14356EB}"
EndProject
Project("{FAE04EC0-301F-11D3-BF4B-00C04F79EFBC}") = "DemoSelector", "..\DemoSelector\DemoSelector.csproj", "{B29EB233-D12A-413F-BE10-6B7F911E8050}"
EndProject
Project("{FAE04EC0-301F-11D3-BF4B-00C04F79EFBC}") = "agg_gui", "..\..\..\agg_gui\agg_gui.csproj", "{05C9C197-E811-451E-8562-ADB3526667D9}"
EndProject
Global
	GlobalSection(SolutionConfigurationPlatforms) = preSolution
		Debug|Any CPU = Debug|Any CPU
		Release|Any CPU = Release|Any CPU
	EndGlobalSection
	GlobalSection(ProjectConfigurationPlatforms) = postSolution
		{3BEFA755-A647-4A16-A73C-0ACF18211EBD}.Debug|Any CPU.ActiveCfg = Debug|Any CPU
		{3BEFA755-A647-4A16-A73C-0ACF18211EBD}.Debug|Any CPU.Build.0 = Debug|Any CPU
		{3BEFA755-A647-4A16-A73C-0ACF18211EBD}.Release|Any CPU.ActiveCfg = Release|Any CPU
		{3BEFA755-A647-4A16-A73C-0ACF18211EBD}.Release|Any CPU.Build.0 = Release|Any CPU
		{657DBC6D-C3EA-4398-A3FA-DDB73C14F71B}.Debug|Any CPU.ActiveCfg = Debug|Any CPU
		{657DBC6D-C3EA-4398-A3FA-DDB73C14F71B}.Debug|Any CPU.Build.0 = Debug|Any CPU
		{657DBC6D-C3EA-4398-A3FA-DDB73C14F71B}.Release|Any CPU.ActiveCfg = Release|Any CPU
		{657DBC6D-C3EA-4398-A3FA-DDB73C14F71B}.Release|Any CPU.Build.0 = Release|Any CPU
		{670BDDFF-927B-425D-9DD1-22ACB14356EB}.Debug|Any CPU.ActiveCfg = Debug|Any CPU
		{670BDDFF-927B-425D-9DD1-22ACB14356EB}.Debug|Any CPU.Build.0 = Debug|Any CPU
		{670BDDFF-927B-425D-9DD1-22ACB14356EB}.Release|Any CPU.ActiveCfg = Release|Any CPU
		{670BDDFF-927B-425D-9DD1-22ACB14356EB}.Release|Any CPU.Build.0 = Release|Any CPU
		{B29EB233-D12A-413F-BE10-6B7F911E8050}.Debug|Any CPU.ActiveCfg = Debug|Any CPU
		{B29EB233-D12A-413F-BE10-6B7F911E8050}.Debug|Any CPU.Build.0 = Debug|Any CPU
		{B29EB233-D12A-413F-BE10-6B7F911E8050}.Release|Any CPU.ActiveCfg = Release|Any CPU
		{B29EB233-D12A-413F-BE10-6B7F911E8050}.Release|Any CPU.Build.0 = Release|Any CPU
		{05C9C197-E811-451E-8562-ADB3526667D9}.Debug|Any CPU.ActiveCfg = Debug|Any CPU
		{05C9C197-E811-451E-8562-ADB3526667D9}.Debug|Any CPU.Build.0 = Debug|Any CPU
		{05C9C197-E811-451E-8562-ADB3526667D9}.Release|Any CPU.ActiveCfg = Release|Any CPU
		{05C9C197-E811-451E-8562-ADB3526667D9}.Release|Any CPU.Build.0 = Release|Any CPU
	EndGlobalSection
	GlobalSection(SolutionProperties) = preSolution
		HideSolutionNode = FALSE
	EndGlobalSection
EndGlobal
