
Microsoft Visual Studio Solution File, Format Version 9.00
# Visual Studio 2005
Project("{FAE04EC0-301F-11D3-BF4B-00C04F79EFBC}") = "RockBlaster", "RockBlaster.csproj", "{43254794-FC6F-4B7C-A840-64261F736C82}"
EndProject
Project("{FAE04EC0-301F-11D3-BF4B-00C04F79EFBC}") = "agg_gui", "..\..\agg_gui\agg_gui.csproj", "{74F6BB6C-9D02-4512-A59A-21940E35C532}"
EndProject
Project("{FAE04EC0-301F-11D3-BF4B-00C04F79EFBC}") = "agg_platform_win32", "..\..\agg_platform_win32\agg_platform_win32.csproj", "{670BDDFF-927B-425D-9DD1-22ACB14356EB}"
EndProject
Project("{FAE04EC0-301F-11D3-BF4B-00C04F79EFBC}") = "Reflexive", "..\..\Reflexive\Reflexive.csproj", "{79741A18-3523-41BE-93DB-EECBEF515591}"
EndProject
Project("{FAE04EC0-301F-11D3-BF4B-00C04F79EFBC}") = "AGG", "..\..\agg\AGG.csproj", "{657DBC6D-C3EA-4398-A3FA-DDB73C14F71B}"
EndProject
Project("{FAE04EC0-301F-11D3-BF4B-00C04F79EFBC}") = "Tesselate", "..\..\Tesselate\Tesselate.csproj", "{AE37DE1F-22F7-49EE-8732-FC6BC8DC58D9}"
EndProject
Project("{FAE04EC0-301F-11D3-BF4B-00C04F79EFBC}") = "COLLADA", "..\..\COLLADA\COLLADA.csproj", "{9142B0A3-44AD-4CDB-8F71-E54DE2BA7D9B}"
EndProject
Project("{FAE04EC0-301F-11D3-BF4B-00C04F79EFBC}") = "agg_3d", "..\..\agg_3d\agg_3d.csproj", "{545B6912-77FF-4B34-BA76-6C3D6A32BE6A}"
EndProject
Global
	GlobalSection(SolutionConfigurationPlatforms) = preSolution
		Debug|Any CPU = Debug|Any CPU
		Release|Any CPU = Release|Any CPU
	EndGlobalSection
	GlobalSection(ProjectConfigurationPlatforms) = postSolution
		{43254794-FC6F-4B7C-A840-64261F736C82}.Debug|Any CPU.ActiveCfg = Debug|Any CPU
		{43254794-FC6F-4B7C-A840-64261F736C82}.Debug|Any CPU.Build.0 = Debug|Any CPU
		{43254794-FC6F-4B7C-A840-64261F736C82}.Release|Any CPU.ActiveCfg = Release|Any CPU
		{43254794-FC6F-4B7C-A840-64261F736C82}.Release|Any CPU.Build.0 = Release|Any CPU
		{74F6BB6C-9D02-4512-A59A-21940E35C532}.Debug|Any CPU.ActiveCfg = Debug|Any CPU
		{74F6BB6C-9D02-4512-A59A-21940E35C532}.Debug|Any CPU.Build.0 = Debug|Any CPU
		{74F6BB6C-9D02-4512-A59A-21940E35C532}.Release|Any CPU.ActiveCfg = Release|Any CPU
		{74F6BB6C-9D02-4512-A59A-21940E35C532}.Release|Any CPU.Build.0 = Release|Any CPU
		{670BDDFF-927B-425D-9DD1-22ACB14356EB}.Debug|Any CPU.ActiveCfg = Debug|Any CPU
		{670BDDFF-927B-425D-9DD1-22ACB14356EB}.Debug|Any CPU.Build.0 = Debug|Any CPU
		{670BDDFF-927B-425D-9DD1-22ACB14356EB}.Release|Any CPU.ActiveCfg = Release|Any CPU
		{670BDDFF-927B-425D-9DD1-22ACB14356EB}.Release|Any CPU.Build.0 = Release|Any CPU
		{79741A18-3523-41BE-93DB-EECBEF515591}.Debug|Any CPU.ActiveCfg = Debug|Any CPU
		{79741A18-3523-41BE-93DB-EECBEF515591}.Debug|Any CPU.Build.0 = Debug|Any CPU
		{79741A18-3523-41BE-93DB-EECBEF515591}.Release|Any CPU.ActiveCfg = Release|Any CPU
		{79741A18-3523-41BE-93DB-EECBEF515591}.Release|Any CPU.Build.0 = Release|Any CPU
		{657DBC6D-C3EA-4398-A3FA-DDB73C14F71B}.Debug|Any CPU.ActiveCfg = Debug|Any CPU
		{657DBC6D-C3EA-4398-A3FA-DDB73C14F71B}.Debug|Any CPU.Build.0 = Debug|Any CPU
		{657DBC6D-C3EA-4398-A3FA-DDB73C14F71B}.Release|Any CPU.ActiveCfg = Release|Any CPU
		{657DBC6D-C3EA-4398-A3FA-DDB73C14F71B}.Release|Any CPU.Build.0 = Release|Any CPU
		{AE37DE1F-22F7-49EE-8732-FC6BC8DC58D9}.Debug|Any CPU.ActiveCfg = Debug|Any CPU
		{AE37DE1F-22F7-49EE-8732-FC6BC8DC58D9}.Debug|Any CPU.Build.0 = Debug|Any CPU
		{AE37DE1F-22F7-49EE-8732-FC6BC8DC58D9}.Release|Any CPU.ActiveCfg = Release|Any CPU
		{AE37DE1F-22F7-49EE-8732-FC6BC8DC58D9}.Release|Any CPU.Build.0 = Release|Any CPU
		{9142B0A3-44AD-4CDB-8F71-E54DE2BA7D9B}.Debug|Any CPU.ActiveCfg = Debug|Any CPU
		{9142B0A3-44AD-4CDB-8F71-E54DE2BA7D9B}.Debug|Any CPU.Build.0 = Debug|Any CPU
		{9142B0A3-44AD-4CDB-8F71-E54DE2BA7D9B}.Release|Any CPU.ActiveCfg = Release|Any CPU
		{9142B0A3-44AD-4CDB-8F71-E54DE2BA7D9B}.Release|Any CPU.Build.0 = Release|Any CPU
		{545B6912-77FF-4B34-BA76-6C3D6A32BE6A}.Debug|Any CPU.ActiveCfg = Debug|Any CPU
		{545B6912-77FF-4B34-BA76-6C3D6A32BE6A}.Debug|Any CPU.Build.0 = Debug|Any CPU
		{545B6912-77FF-4B34-BA76-6C3D6A32BE6A}.Release|Any CPU.ActiveCfg = Release|Any CPU
		{545B6912-77FF-4B34-BA76-6C3D6A32BE6A}.Release|Any CPU.Build.0 = Release|Any CPU
	EndGlobalSection
	GlobalSection(SolutionProperties) = preSolution
		HideSolutionNode = FALSE
	EndGlobalSection
EndGlobal
