
Microsoft Visual Studio Solution File, Format Version 11.00
# Visual Studio 2010
Project("{FAE04EC0-301F-11D3-BF4B-00C04F79EFBC}") = "CSGOpenGL", "CSGOpenGL.csproj", "{A737BC76-165B-46C6-82B7-8871C7C92942}"
	ProjectSection(ProjectDependencies) = postProject
		{657DBC6D-C3EA-4398-A3FA-DDB73C14F71B} = {657DBC6D-C3EA-4398-A3FA-DDB73C14F71B}
		{670BDDFF-927B-425D-9DD1-22ACB14356EB} = {670BDDFF-927B-425D-9DD1-22ACB14356EB}
	EndProjectSection
EndProject
Project("{FAE04EC0-301F-11D3-BF4B-00C04F79EFBC}") = "AGG", "..\..\agg\AGG.csproj", "{657DBC6D-C3EA-4398-A3FA-DDB73C14F71B}"
EndProject
Project("{FAE04EC0-301F-11D3-BF4B-00C04F79EFBC}") = "PlatformWin32", "..\..\PlatformWin32\PlatformWin32.csproj", "{670BDDFF-927B-425D-9DD1-22ACB14356EB}"
EndProject
Project("{FAE04EC0-301F-11D3-BF4B-00C04F79EFBC}") = "Gui", "..\..\Gui\Gui.csproj", "{74F6BB6C-9D02-4512-A59A-21940E35C532}"
EndProject
Project("{FAE04EC0-301F-11D3-BF4B-00C04F79EFBC}") = "RenderOpenGl", "..\..\RenderOpenGl\RenderOpenGl.csproj", "{545B6912-77FF-4B34-BA76-6C3D6A32BE6A}"
EndProject
Project("{FAE04EC0-301F-11D3-BF4B-00C04F79EFBC}") = "Tesselate", "..\..\Tesselate\Tesselate.csproj", "{AE37DE1F-22F7-49EE-8732-FC6BC8DC58D9}"
EndProject
Project("{FAE04EC0-301F-11D3-BF4B-00C04F79EFBC}") = "VectorMath", "..\..\VectorMath\VectorMath.csproj", "{D3E41B4E-BFBB-44CA-94C8-95C00F754FDD}"
EndProject
Project("{FAE04EC0-301F-11D3-BF4B-00C04F79EFBC}") = "OpenGlGui", "..\..\OpenGlGui\OpenGlGui.csproj", "{C958F745-156E-4BDC-A24A-3721C7BE7B8A}"
EndProject
Project("{FAE04EC0-301F-11D3-BF4B-00C04F79EFBC}") = "PolygonMesh", "..\..\PolygonMesh\PolygonMesh.csproj", "{86F6AAF2-9B50-40B8-A427-1897D76471C5}"
EndProject
Global
	GlobalSection(SolutionConfigurationPlatforms) = preSolution
		Debug|Any CPU = Debug|Any CPU
		Release|Any CPU = Release|Any CPU
	EndGlobalSection
	GlobalSection(ProjectConfigurationPlatforms) = postSolution
		{A737BC76-165B-46C6-82B7-8871C7C92942}.Debug|Any CPU.ActiveCfg = Debug|Any CPU
		{A737BC76-165B-46C6-82B7-8871C7C92942}.Debug|Any CPU.Build.0 = Debug|Any CPU
		{A737BC76-165B-46C6-82B7-8871C7C92942}.Release|Any CPU.ActiveCfg = Release|Any CPU
		{A737BC76-165B-46C6-82B7-8871C7C92942}.Release|Any CPU.Build.0 = Release|Any CPU
		{657DBC6D-C3EA-4398-A3FA-DDB73C14F71B}.Debug|Any CPU.ActiveCfg = Debug|Any CPU
		{657DBC6D-C3EA-4398-A3FA-DDB73C14F71B}.Debug|Any CPU.Build.0 = Debug|Any CPU
		{657DBC6D-C3EA-4398-A3FA-DDB73C14F71B}.Release|Any CPU.ActiveCfg = Release|Any CPU
		{657DBC6D-C3EA-4398-A3FA-DDB73C14F71B}.Release|Any CPU.Build.0 = Release|Any CPU
		{670BDDFF-927B-425D-9DD1-22ACB14356EB}.Debug|Any CPU.ActiveCfg = Debug|Any CPU
		{670BDDFF-927B-425D-9DD1-22ACB14356EB}.Debug|Any CPU.Build.0 = Debug|Any CPU
		{670BDDFF-927B-425D-9DD1-22ACB14356EB}.Release|Any CPU.ActiveCfg = Release|Any CPU
		{670BDDFF-927B-425D-9DD1-22ACB14356EB}.Release|Any CPU.Build.0 = Release|Any CPU
		{74F6BB6C-9D02-4512-A59A-21940E35C532}.Debug|Any CPU.ActiveCfg = Debug|Any CPU
		{74F6BB6C-9D02-4512-A59A-21940E35C532}.Debug|Any CPU.Build.0 = Debug|Any CPU
		{74F6BB6C-9D02-4512-A59A-21940E35C532}.Release|Any CPU.ActiveCfg = Release|Any CPU
		{74F6BB6C-9D02-4512-A59A-21940E35C532}.Release|Any CPU.Build.0 = Release|Any CPU
		{545B6912-77FF-4B34-BA76-6C3D6A32BE6A}.Debug|Any CPU.ActiveCfg = Debug|Any CPU
		{545B6912-77FF-4B34-BA76-6C3D6A32BE6A}.Debug|Any CPU.Build.0 = Debug|Any CPU
		{545B6912-77FF-4B34-BA76-6C3D6A32BE6A}.Release|Any CPU.ActiveCfg = Release|Any CPU
		{545B6912-77FF-4B34-BA76-6C3D6A32BE6A}.Release|Any CPU.Build.0 = Release|Any CPU
		{AE37DE1F-22F7-49EE-8732-FC6BC8DC58D9}.Debug|Any CPU.ActiveCfg = Debug|Any CPU
		{AE37DE1F-22F7-49EE-8732-FC6BC8DC58D9}.Debug|Any CPU.Build.0 = Debug|Any CPU
		{AE37DE1F-22F7-49EE-8732-FC6BC8DC58D9}.Release|Any CPU.ActiveCfg = Release|Any CPU
		{AE37DE1F-22F7-49EE-8732-FC6BC8DC58D9}.Release|Any CPU.Build.0 = Release|Any CPU
		{D3E41B4E-BFBB-44CA-94C8-95C00F754FDD}.Debug|Any CPU.ActiveCfg = Debug|Any CPU
		{D3E41B4E-BFBB-44CA-94C8-95C00F754FDD}.Debug|Any CPU.Build.0 = Debug|Any CPU
		{D3E41B4E-BFBB-44CA-94C8-95C00F754FDD}.Release|Any CPU.ActiveCfg = Release|Any CPU
		{D3E41B4E-BFBB-44CA-94C8-95C00F754FDD}.Release|Any CPU.Build.0 = Release|Any CPU
		{C958F745-156E-4BDC-A24A-3721C7BE7B8A}.Debug|Any CPU.ActiveCfg = Debug|Any CPU
		{C958F745-156E-4BDC-A24A-3721C7BE7B8A}.Debug|Any CPU.Build.0 = Debug|Any CPU
		{C958F745-156E-4BDC-A24A-3721C7BE7B8A}.Release|Any CPU.ActiveCfg = Release|Any CPU
		{C958F745-156E-4BDC-A24A-3721C7BE7B8A}.Release|Any CPU.Build.0 = Release|Any CPU
		{86F6AAF2-9B50-40B8-A427-1897D76471C5}.Debug|Any CPU.ActiveCfg = Debug|Any CPU
		{86F6AAF2-9B50-40B8-A427-1897D76471C5}.Debug|Any CPU.Build.0 = Debug|Any CPU
		{86F6AAF2-9B50-40B8-A427-1897D76471C5}.Release|Any CPU.ActiveCfg = Release|Any CPU
		{86F6AAF2-9B50-40B8-A427-1897D76471C5}.Release|Any CPU.Build.0 = Release|Any CPU
	EndGlobalSection
	GlobalSection(SolutionProperties) = preSolution
		HideSolutionNode = FALSE
	EndGlobalSection
EndGlobal
