
Microsoft Visual Studio Solution File, Format Version 12.00
# Visual Studio 15
VisualStudioVersion = 15.0.27004.2009
MinimumVisualStudioVersion = 10.0.40219.1
Project("{FAE04EC0-301F-11D3-BF4B-00C04F79EFBC}") = "PolygonPathing", "PolygonPathing.csproj", "{D8C9D451-9E52-4445-9071-928EA277CD59}"
EndProject
Project("{9A19103F-16F7-4668-BE54-9A1E7A4F7556}") = "Agg", "..\..\agg\Agg.csproj", "{657DBC6D-C3EA-4398-A3FA-DDB73C14F71B}"
EndProject
Project("{9A19103F-16F7-4668-BE54-9A1E7A4F7556}") = "clipper_library", "..\..\clipper_library\clipper_library.csproj", "{9B062971-A88E-4A3D-B3C9-12B78D15FA66}"
EndProject
Project("{9A19103F-16F7-4668-BE54-9A1E7A4F7556}") = "DataConverters2D", "..\..\DataConverters2D\DataConverters2D.csproj", "{94838988-523C-4B11-AD82-8B9B76F23A31}"
EndProject
Project("{9A19103F-16F7-4668-BE54-9A1E7A4F7556}") = "Gui", "..\..\Gui\Gui.csproj", "{74F6BB6C-9D02-4512-A59A-21940E35C532}"
EndProject
Project("{9A19103F-16F7-4668-BE54-9A1E7A4F7556}") = "PlatformWin32", "..\..\PlatformWin32\PlatformWin32.csproj", "{670BDDFF-927B-425D-9DD1-22ACB14356EB}"
EndProject
Project("{9A19103F-16F7-4668-BE54-9A1E7A4F7556}") = "VectorMath", "..\..\VectorMath\VectorMath.csproj", "{D3E41B4E-BFBB-44CA-94C8-95C00F754FDD}"
EndProject
Project("{2150E333-8FDC-42A3-9474-1A3956D46DE8}") = "AggLib", "AggLib", "{0F8F87C6-662F-464B-BE24-8AAA7DBB0EBB}"
EndProject
Project("{FAE04EC0-301F-11D3-BF4B-00C04F79EFBC}") = "QuadTree", "..\..\..\MatterSlice\QuadTree\QuadTree.csproj", "{23EC3364-7C93-4169-9AB2-7181C66004C0}"
EndProject
Project("{FAE04EC0-301F-11D3-BF4B-00C04F79EFBC}") = "MSClipperLib", "..\..\..\MatterSlice\MSClipperLib\MSClipperLib.csproj", "{2C564BE1-352D-4DDB-8226-F0981F983C60}"
EndProject
Project("{FAE04EC0-301F-11D3-BF4B-00C04F79EFBC}") = "Pathfinding", "..\..\..\MatterSlice\Pathfinding\Pathfinding.csproj", "{8CB3464F-6130-4EDB-8DC6-CCD2697FAFBB}"
EndProject
Project("{2150E333-8FDC-42A3-9474-1A3956D46DE8}") = "MSLibs", "MSLibs", "{7C78A472-BA28-419B-966F-096CE99FBCF7}"
EndProject
Project("{FAE04EC0-301F-11D3-BF4B-00C04F79EFBC}") = "MatterSlice", "..\..\..\MatterSlice\MatterSlice.csproj", "{C46CA728-DD2F-4DD1-971A-AAA89D9DFF95}"
EndProject
Project("{FAE04EC0-301F-11D3-BF4B-00C04F79EFBC}") = "MatterSlice.Tests", "..\..\..\MatterSlice\Tests\MatterSlice.Tests\MatterSlice.Tests.csproj", "{8CD15B23-D30F-470E-99BA-9276FB7CABD4}"
EndProject
Project("{9A19103F-16F7-4668-BE54-9A1E7A4F7556}") = "ImageProcessing", "..\..\ImageProcessing\ImageProcessing.csproj", "{036BCCBA-52D8-457C-84AE-8821F209FE4A}"
EndProject
Project("{FAE04EC0-301F-11D3-BF4B-00C04F79EFBC}") = "Csg", "..\..\Csg\Csg.csproj", "{7E61A5BD-E78F-4B80-88C9-3821B4FA062E}"
EndProject
Project("{9A19103F-16F7-4668-BE54-9A1E7A4F7556}") = "PolygonMesh", "..\..\PolygonMesh\PolygonMesh.csproj", "{86F6AAF2-9B50-40B8-A427-1897D76471C5}"
EndProject
Project("{9A19103F-16F7-4668-BE54-9A1E7A4F7556}") = "Net3dBool", "..\..\PolygonMesh\Net3dBool\Net3dBool.csproj", "{7EE4636D-8A92-4015-9562-7FCD6ADD0645}"
EndProject
Project("{9A19103F-16F7-4668-BE54-9A1E7A4F7556}") = "Tesselate", "..\..\Tesselate\Tesselate.csproj", "{AE37DE1F-22F7-49EE-8732-FC6BC8DC58D9}"
EndProject
Project("{9A19103F-16F7-4668-BE54-9A1E7A4F7556}") = "RenderOpenGl", "..\..\RenderOpenGl\RenderOpenGl.csproj", "{545B6912-77FF-4B34-BA76-6C3D6A32BE6A}"
EndProject
Project("{9A19103F-16F7-4668-BE54-9A1E7A4F7556}") = "DataConverters3D", "..\..\DataConverters3D\DataConverters3D.csproj", "{04667764-DC7B-4B95-AEF6-B4E6C87A54E9}"
EndProject
Project("{9A19103F-16F7-4668-BE54-9A1E7A4F7556}") = "RayTracer", "..\..\RayTracer\RayTracer.csproj", "{1E01ABE0-B494-4FE4-B0D6-540133286887}"
EndProject
Project("{9A19103F-16F7-4668-BE54-9A1E7A4F7556}") = "Typography.GlyphLayout", "..\..\Typography.GlyphLayout\Typography.GlyphLayout.csproj", "{3B09E214-DAA2-427C-BF9E-25C0BD303E96}"
EndProject
Project("{9A19103F-16F7-4668-BE54-9A1E7A4F7556}") = "Typography.OpenFont", "..\..\Typography.OpenFont\Typography.OpenFont.csproj", "{89575B13-A421-460C-AF31-07DB9DA9FE16}"
EndProject
Project("{9A19103F-16F7-4668-BE54-9A1E7A4F7556}") = "Localizations", "..\..\Localizations\Localizations.csproj", "{FD2AFEB5-B16C-4C2F-BFDB-1E4FEB67421D}"
EndProject
Global
	GlobalSection(SolutionConfigurationPlatforms) = preSolution
		Debug|Any CPU = Debug|Any CPU
		Debug|x64 = Debug|x64
		Debug64|Any CPU = Debug64|Any CPU
		Debug64|x64 = Debug64|x64
		Release|Any CPU = Release|Any CPU
		Release|x64 = Release|x64
		Release64|Any CPU = Release64|Any CPU
		Release64|x64 = Release64|x64
	EndGlobalSection
	GlobalSection(ProjectConfigurationPlatforms) = postSolution
		{D8C9D451-9E52-4445-9071-928EA277CD59}.Debug|Any CPU.ActiveCfg = Debug|Any CPU
		{D8C9D451-9E52-4445-9071-928EA277CD59}.Debug|Any CPU.Build.0 = Debug|Any CPU
		{D8C9D451-9E52-4445-9071-928EA277CD59}.Debug|x64.ActiveCfg = Debug|x64
		{D8C9D451-9E52-4445-9071-928EA277CD59}.Debug|x64.Build.0 = Debug|x64
		{D8C9D451-9E52-4445-9071-928EA277CD59}.Debug64|Any CPU.ActiveCfg = Debug64|Any CPU
		{D8C9D451-9E52-4445-9071-928EA277CD59}.Debug64|Any CPU.Build.0 = Debug64|Any CPU
		{D8C9D451-9E52-4445-9071-928EA277CD59}.Debug64|x64.ActiveCfg = Debug64|x64
		{D8C9D451-9E52-4445-9071-928EA277CD59}.Debug64|x64.Build.0 = Debug64|x64
		{D8C9D451-9E52-4445-9071-928EA277CD59}.Release|Any CPU.ActiveCfg = Release|Any CPU
		{D8C9D451-9E52-4445-9071-928EA277CD59}.Release|Any CPU.Build.0 = Release|Any CPU
		{D8C9D451-9E52-4445-9071-928EA277CD59}.Release|x64.ActiveCfg = Release|x64
		{D8C9D451-9E52-4445-9071-928EA277CD59}.Release|x64.Build.0 = Release|x64
		{D8C9D451-9E52-4445-9071-928EA277CD59}.Release64|Any CPU.ActiveCfg = Release64|Any CPU
		{D8C9D451-9E52-4445-9071-928EA277CD59}.Release64|Any CPU.Build.0 = Release64|Any CPU
		{D8C9D451-9E52-4445-9071-928EA277CD59}.Release64|x64.ActiveCfg = Release64|x64
		{D8C9D451-9E52-4445-9071-928EA277CD59}.Release64|x64.Build.0 = Release64|x64
		{657DBC6D-C3EA-4398-A3FA-DDB73C14F71B}.Debug|Any CPU.ActiveCfg = Debug|Any CPU
		{657DBC6D-C3EA-4398-A3FA-DDB73C14F71B}.Debug|Any CPU.Build.0 = Debug|Any CPU
		{657DBC6D-C3EA-4398-A3FA-DDB73C14F71B}.Debug|x64.ActiveCfg = Debug|Any CPU
		{657DBC6D-C3EA-4398-A3FA-DDB73C14F71B}.Debug|x64.Build.0 = Debug|Any CPU
		{657DBC6D-C3EA-4398-A3FA-DDB73C14F71B}.Debug64|Any CPU.ActiveCfg = Debug|Any CPU
		{657DBC6D-C3EA-4398-A3FA-DDB73C14F71B}.Debug64|Any CPU.Build.0 = Debug|Any CPU
		{657DBC6D-C3EA-4398-A3FA-DDB73C14F71B}.Debug64|x64.ActiveCfg = Debug|Any CPU
		{657DBC6D-C3EA-4398-A3FA-DDB73C14F71B}.Debug64|x64.Build.0 = Debug|Any CPU
		{657DBC6D-C3EA-4398-A3FA-DDB73C14F71B}.Release|Any CPU.ActiveCfg = Release|Any CPU
		{657DBC6D-C3EA-4398-A3FA-DDB73C14F71B}.Release|Any CPU.Build.0 = Release|Any CPU
		{657DBC6D-C3EA-4398-A3FA-DDB73C14F71B}.Release|x64.ActiveCfg = Release|Any CPU
		{657DBC6D-C3EA-4398-A3FA-DDB73C14F71B}.Release|x64.Build.0 = Release|Any CPU
		{657DBC6D-C3EA-4398-A3FA-DDB73C14F71B}.Release64|Any CPU.ActiveCfg = Release|Any CPU
		{657DBC6D-C3EA-4398-A3FA-DDB73C14F71B}.Release64|Any CPU.Build.0 = Release|Any CPU
		{657DBC6D-C3EA-4398-A3FA-DDB73C14F71B}.Release64|x64.ActiveCfg = Release|Any CPU
		{657DBC6D-C3EA-4398-A3FA-DDB73C14F71B}.Release64|x64.Build.0 = Release|Any CPU
		{9B062971-A88E-4A3D-B3C9-12B78D15FA66}.Debug|Any CPU.ActiveCfg = Debug|Any CPU
		{9B062971-A88E-4A3D-B3C9-12B78D15FA66}.Debug|Any CPU.Build.0 = Debug|Any CPU
		{9B062971-A88E-4A3D-B3C9-12B78D15FA66}.Debug|x64.ActiveCfg = Debug|Any CPU
		{9B062971-A88E-4A3D-B3C9-12B78D15FA66}.Debug|x64.Build.0 = Debug|Any CPU
		{9B062971-A88E-4A3D-B3C9-12B78D15FA66}.Debug64|Any CPU.ActiveCfg = Debug|Any CPU
		{9B062971-A88E-4A3D-B3C9-12B78D15FA66}.Debug64|Any CPU.Build.0 = Debug|Any CPU
		{9B062971-A88E-4A3D-B3C9-12B78D15FA66}.Debug64|x64.ActiveCfg = Debug|Any CPU
		{9B062971-A88E-4A3D-B3C9-12B78D15FA66}.Debug64|x64.Build.0 = Debug|Any CPU
		{9B062971-A88E-4A3D-B3C9-12B78D15FA66}.Release|Any CPU.ActiveCfg = Release|Any CPU
		{9B062971-A88E-4A3D-B3C9-12B78D15FA66}.Release|Any CPU.Build.0 = Release|Any CPU
		{9B062971-A88E-4A3D-B3C9-12B78D15FA66}.Release|x64.ActiveCfg = Release|Any CPU
		{9B062971-A88E-4A3D-B3C9-12B78D15FA66}.Release|x64.Build.0 = Release|Any CPU
		{9B062971-A88E-4A3D-B3C9-12B78D15FA66}.Release64|Any CPU.ActiveCfg = Release|Any CPU
		{9B062971-A88E-4A3D-B3C9-12B78D15FA66}.Release64|Any CPU.Build.0 = Release|Any CPU
		{9B062971-A88E-4A3D-B3C9-12B78D15FA66}.Release64|x64.ActiveCfg = Release|Any CPU
		{9B062971-A88E-4A3D-B3C9-12B78D15FA66}.Release64|x64.Build.0 = Release|Any CPU
		{94838988-523C-4B11-AD82-8B9B76F23A31}.Debug|Any CPU.ActiveCfg = Debug|Any CPU
		{94838988-523C-4B11-AD82-8B9B76F23A31}.Debug|Any CPU.Build.0 = Debug|Any CPU
		{94838988-523C-4B11-AD82-8B9B76F23A31}.Debug|x64.ActiveCfg = Debug|Any CPU
		{94838988-523C-4B11-AD82-8B9B76F23A31}.Debug|x64.Build.0 = Debug|Any CPU
		{94838988-523C-4B11-AD82-8B9B76F23A31}.Debug64|Any CPU.ActiveCfg = Debug|Any CPU
		{94838988-523C-4B11-AD82-8B9B76F23A31}.Debug64|Any CPU.Build.0 = Debug|Any CPU
		{94838988-523C-4B11-AD82-8B9B76F23A31}.Debug64|x64.ActiveCfg = Debug|Any CPU
		{94838988-523C-4B11-AD82-8B9B76F23A31}.Debug64|x64.Build.0 = Debug|Any CPU
		{94838988-523C-4B11-AD82-8B9B76F23A31}.Release|Any CPU.ActiveCfg = Release|Any CPU
		{94838988-523C-4B11-AD82-8B9B76F23A31}.Release|Any CPU.Build.0 = Release|Any CPU
		{94838988-523C-4B11-AD82-8B9B76F23A31}.Release|x64.ActiveCfg = Release|Any CPU
		{94838988-523C-4B11-AD82-8B9B76F23A31}.Release|x64.Build.0 = Release|Any CPU
		{94838988-523C-4B11-AD82-8B9B76F23A31}.Release64|Any CPU.ActiveCfg = Release|Any CPU
		{94838988-523C-4B11-AD82-8B9B76F23A31}.Release64|Any CPU.Build.0 = Release|Any CPU
		{94838988-523C-4B11-AD82-8B9B76F23A31}.Release64|x64.ActiveCfg = Release|Any CPU
		{94838988-523C-4B11-AD82-8B9B76F23A31}.Release64|x64.Build.0 = Release|Any CPU
		{74F6BB6C-9D02-4512-A59A-21940E35C532}.Debug|Any CPU.ActiveCfg = Debug|Any CPU
		{74F6BB6C-9D02-4512-A59A-21940E35C532}.Debug|Any CPU.Build.0 = Debug|Any CPU
		{74F6BB6C-9D02-4512-A59A-21940E35C532}.Debug|x64.ActiveCfg = Debug|Any CPU
		{74F6BB6C-9D02-4512-A59A-21940E35C532}.Debug|x64.Build.0 = Debug|Any CPU
		{74F6BB6C-9D02-4512-A59A-21940E35C532}.Debug64|Any CPU.ActiveCfg = Debug|Any CPU
		{74F6BB6C-9D02-4512-A59A-21940E35C532}.Debug64|Any CPU.Build.0 = Debug|Any CPU
		{74F6BB6C-9D02-4512-A59A-21940E35C532}.Debug64|x64.ActiveCfg = Debug|Any CPU
		{74F6BB6C-9D02-4512-A59A-21940E35C532}.Debug64|x64.Build.0 = Debug|Any CPU
		{74F6BB6C-9D02-4512-A59A-21940E35C532}.Release|Any CPU.ActiveCfg = Release|Any CPU
		{74F6BB6C-9D02-4512-A59A-21940E35C532}.Release|Any CPU.Build.0 = Release|Any CPU
		{74F6BB6C-9D02-4512-A59A-21940E35C532}.Release|x64.ActiveCfg = Release|Any CPU
		{74F6BB6C-9D02-4512-A59A-21940E35C532}.Release|x64.Build.0 = Release|Any CPU
		{74F6BB6C-9D02-4512-A59A-21940E35C532}.Release64|Any CPU.ActiveCfg = Release|Any CPU
		{74F6BB6C-9D02-4512-A59A-21940E35C532}.Release64|Any CPU.Build.0 = Release|Any CPU
		{74F6BB6C-9D02-4512-A59A-21940E35C532}.Release64|x64.ActiveCfg = Release|Any CPU
		{74F6BB6C-9D02-4512-A59A-21940E35C532}.Release64|x64.Build.0 = Release|Any CPU
		{670BDDFF-927B-425D-9DD1-22ACB14356EB}.Debug|Any CPU.ActiveCfg = Debug|Any CPU
		{670BDDFF-927B-425D-9DD1-22ACB14356EB}.Debug|Any CPU.Build.0 = Debug|Any CPU
		{670BDDFF-927B-425D-9DD1-22ACB14356EB}.Debug|x64.ActiveCfg = Debug|Any CPU
		{670BDDFF-927B-425D-9DD1-22ACB14356EB}.Debug|x64.Build.0 = Debug|Any CPU
		{670BDDFF-927B-425D-9DD1-22ACB14356EB}.Debug64|Any CPU.ActiveCfg = Debug|Any CPU
		{670BDDFF-927B-425D-9DD1-22ACB14356EB}.Debug64|Any CPU.Build.0 = Debug|Any CPU
		{670BDDFF-927B-425D-9DD1-22ACB14356EB}.Debug64|x64.ActiveCfg = Debug|Any CPU
		{670BDDFF-927B-425D-9DD1-22ACB14356EB}.Debug64|x64.Build.0 = Debug|Any CPU
		{670BDDFF-927B-425D-9DD1-22ACB14356EB}.Release|Any CPU.ActiveCfg = Release|Any CPU
		{670BDDFF-927B-425D-9DD1-22ACB14356EB}.Release|Any CPU.Build.0 = Release|Any CPU
		{670BDDFF-927B-425D-9DD1-22ACB14356EB}.Release|x64.ActiveCfg = Release|Any CPU
		{670BDDFF-927B-425D-9DD1-22ACB14356EB}.Release|x64.Build.0 = Release|Any CPU
		{670BDDFF-927B-425D-9DD1-22ACB14356EB}.Release64|Any CPU.ActiveCfg = Release|Any CPU
		{670BDDFF-927B-425D-9DD1-22ACB14356EB}.Release64|Any CPU.Build.0 = Release|Any CPU
		{670BDDFF-927B-425D-9DD1-22ACB14356EB}.Release64|x64.ActiveCfg = Release|Any CPU
		{670BDDFF-927B-425D-9DD1-22ACB14356EB}.Release64|x64.Build.0 = Release|Any CPU
		{D3E41B4E-BFBB-44CA-94C8-95C00F754FDD}.Debug|Any CPU.ActiveCfg = Debug|Any CPU
		{D3E41B4E-BFBB-44CA-94C8-95C00F754FDD}.Debug|Any CPU.Build.0 = Debug|Any CPU
		{D3E41B4E-BFBB-44CA-94C8-95C00F754FDD}.Debug|x64.ActiveCfg = Debug|Any CPU
		{D3E41B4E-BFBB-44CA-94C8-95C00F754FDD}.Debug|x64.Build.0 = Debug|Any CPU
		{D3E41B4E-BFBB-44CA-94C8-95C00F754FDD}.Debug64|Any CPU.ActiveCfg = Debug|Any CPU
		{D3E41B4E-BFBB-44CA-94C8-95C00F754FDD}.Debug64|Any CPU.Build.0 = Debug|Any CPU
		{D3E41B4E-BFBB-44CA-94C8-95C00F754FDD}.Debug64|x64.ActiveCfg = Debug|Any CPU
		{D3E41B4E-BFBB-44CA-94C8-95C00F754FDD}.Debug64|x64.Build.0 = Debug|Any CPU
		{D3E41B4E-BFBB-44CA-94C8-95C00F754FDD}.Release|Any CPU.ActiveCfg = Release|Any CPU
		{D3E41B4E-BFBB-44CA-94C8-95C00F754FDD}.Release|Any CPU.Build.0 = Release|Any CPU
		{D3E41B4E-BFBB-44CA-94C8-95C00F754FDD}.Release|x64.ActiveCfg = Release|Any CPU
		{D3E41B4E-BFBB-44CA-94C8-95C00F754FDD}.Release|x64.Build.0 = Release|Any CPU
		{D3E41B4E-BFBB-44CA-94C8-95C00F754FDD}.Release64|Any CPU.ActiveCfg = Release|Any CPU
		{D3E41B4E-BFBB-44CA-94C8-95C00F754FDD}.Release64|Any CPU.Build.0 = Release|Any CPU
		{D3E41B4E-BFBB-44CA-94C8-95C00F754FDD}.Release64|x64.ActiveCfg = Release|Any CPU
		{D3E41B4E-BFBB-44CA-94C8-95C00F754FDD}.Release64|x64.Build.0 = Release|Any CPU
		{23EC3364-7C93-4169-9AB2-7181C66004C0}.Debug|Any CPU.ActiveCfg = Debug|Any CPU
		{23EC3364-7C93-4169-9AB2-7181C66004C0}.Debug|Any CPU.Build.0 = Debug|Any CPU
		{23EC3364-7C93-4169-9AB2-7181C66004C0}.Debug|x64.ActiveCfg = Debug|Any CPU
		{23EC3364-7C93-4169-9AB2-7181C66004C0}.Debug|x64.Build.0 = Debug|Any CPU
		{23EC3364-7C93-4169-9AB2-7181C66004C0}.Debug64|Any CPU.ActiveCfg = Debug|Any CPU
		{23EC3364-7C93-4169-9AB2-7181C66004C0}.Debug64|Any CPU.Build.0 = Debug|Any CPU
		{23EC3364-7C93-4169-9AB2-7181C66004C0}.Debug64|x64.ActiveCfg = Debug|Any CPU
		{23EC3364-7C93-4169-9AB2-7181C66004C0}.Debug64|x64.Build.0 = Debug|Any CPU
		{23EC3364-7C93-4169-9AB2-7181C66004C0}.Release|Any CPU.ActiveCfg = Release|Any CPU
		{23EC3364-7C93-4169-9AB2-7181C66004C0}.Release|Any CPU.Build.0 = Release|Any CPU
		{23EC3364-7C93-4169-9AB2-7181C66004C0}.Release|x64.ActiveCfg = Release|Any CPU
		{23EC3364-7C93-4169-9AB2-7181C66004C0}.Release|x64.Build.0 = Release|Any CPU
		{23EC3364-7C93-4169-9AB2-7181C66004C0}.Release64|Any CPU.ActiveCfg = Release|Any CPU
		{23EC3364-7C93-4169-9AB2-7181C66004C0}.Release64|Any CPU.Build.0 = Release|Any CPU
		{23EC3364-7C93-4169-9AB2-7181C66004C0}.Release64|x64.ActiveCfg = Release|Any CPU
		{23EC3364-7C93-4169-9AB2-7181C66004C0}.Release64|x64.Build.0 = Release|Any CPU
		{2C564BE1-352D-4DDB-8226-F0981F983C60}.Debug|Any CPU.ActiveCfg = Debug|Any CPU
		{2C564BE1-352D-4DDB-8226-F0981F983C60}.Debug|Any CPU.Build.0 = Debug|Any CPU
		{2C564BE1-352D-4DDB-8226-F0981F983C60}.Debug|x64.ActiveCfg = Debug|Any CPU
		{2C564BE1-352D-4DDB-8226-F0981F983C60}.Debug|x64.Build.0 = Debug|Any CPU
		{2C564BE1-352D-4DDB-8226-F0981F983C60}.Debug64|Any CPU.ActiveCfg = Debug|Any CPU
		{2C564BE1-352D-4DDB-8226-F0981F983C60}.Debug64|Any CPU.Build.0 = Debug|Any CPU
		{2C564BE1-352D-4DDB-8226-F0981F983C60}.Debug64|x64.ActiveCfg = Debug|Any CPU
		{2C564BE1-352D-4DDB-8226-F0981F983C60}.Debug64|x64.Build.0 = Debug|Any CPU
		{2C564BE1-352D-4DDB-8226-F0981F983C60}.Release|Any CPU.ActiveCfg = Release|Any CPU
		{2C564BE1-352D-4DDB-8226-F0981F983C60}.Release|Any CPU.Build.0 = Release|Any CPU
		{2C564BE1-352D-4DDB-8226-F0981F983C60}.Release|x64.ActiveCfg = Release|Any CPU
		{2C564BE1-352D-4DDB-8226-F0981F983C60}.Release|x64.Build.0 = Release|Any CPU
		{2C564BE1-352D-4DDB-8226-F0981F983C60}.Release64|Any CPU.ActiveCfg = Release|Any CPU
		{2C564BE1-352D-4DDB-8226-F0981F983C60}.Release64|Any CPU.Build.0 = Release|Any CPU
		{2C564BE1-352D-4DDB-8226-F0981F983C60}.Release64|x64.ActiveCfg = Release|Any CPU
		{2C564BE1-352D-4DDB-8226-F0981F983C60}.Release64|x64.Build.0 = Release|Any CPU
		{8CB3464F-6130-4EDB-8DC6-CCD2697FAFBB}.Debug|Any CPU.ActiveCfg = Debug|Any CPU
		{8CB3464F-6130-4EDB-8DC6-CCD2697FAFBB}.Debug|Any CPU.Build.0 = Debug|Any CPU
		{8CB3464F-6130-4EDB-8DC6-CCD2697FAFBB}.Debug|x64.ActiveCfg = Debug|Any CPU
		{8CB3464F-6130-4EDB-8DC6-CCD2697FAFBB}.Debug|x64.Build.0 = Debug|Any CPU
		{8CB3464F-6130-4EDB-8DC6-CCD2697FAFBB}.Debug64|Any CPU.ActiveCfg = Debug|Any CPU
		{8CB3464F-6130-4EDB-8DC6-CCD2697FAFBB}.Debug64|Any CPU.Build.0 = Debug|Any CPU
		{8CB3464F-6130-4EDB-8DC6-CCD2697FAFBB}.Debug64|x64.ActiveCfg = Debug|Any CPU
		{8CB3464F-6130-4EDB-8DC6-CCD2697FAFBB}.Debug64|x64.Build.0 = Debug|Any CPU
		{8CB3464F-6130-4EDB-8DC6-CCD2697FAFBB}.Release|Any CPU.ActiveCfg = Release|Any CPU
		{8CB3464F-6130-4EDB-8DC6-CCD2697FAFBB}.Release|Any CPU.Build.0 = Release|Any CPU
		{8CB3464F-6130-4EDB-8DC6-CCD2697FAFBB}.Release|x64.ActiveCfg = Release|Any CPU
		{8CB3464F-6130-4EDB-8DC6-CCD2697FAFBB}.Release|x64.Build.0 = Release|Any CPU
		{8CB3464F-6130-4EDB-8DC6-CCD2697FAFBB}.Release64|Any CPU.ActiveCfg = Release|Any CPU
		{8CB3464F-6130-4EDB-8DC6-CCD2697FAFBB}.Release64|Any CPU.Build.0 = Release|Any CPU
		{8CB3464F-6130-4EDB-8DC6-CCD2697FAFBB}.Release64|x64.ActiveCfg = Release|Any CPU
		{8CB3464F-6130-4EDB-8DC6-CCD2697FAFBB}.Release64|x64.Build.0 = Release|Any CPU
		{C46CA728-DD2F-4DD1-971A-AAA89D9DFF95}.Debug|Any CPU.ActiveCfg = Debug|Any CPU
		{C46CA728-DD2F-4DD1-971A-AAA89D9DFF95}.Debug|Any CPU.Build.0 = Debug|Any CPU
		{C46CA728-DD2F-4DD1-971A-AAA89D9DFF95}.Debug|x64.ActiveCfg = Debug|Any CPU
		{C46CA728-DD2F-4DD1-971A-AAA89D9DFF95}.Debug|x64.Build.0 = Debug|Any CPU
		{C46CA728-DD2F-4DD1-971A-AAA89D9DFF95}.Debug64|Any CPU.ActiveCfg = Debug|Any CPU
		{C46CA728-DD2F-4DD1-971A-AAA89D9DFF95}.Debug64|Any CPU.Build.0 = Debug|Any CPU
		{C46CA728-DD2F-4DD1-971A-AAA89D9DFF95}.Debug64|x64.ActiveCfg = Debug|Any CPU
		{C46CA728-DD2F-4DD1-971A-AAA89D9DFF95}.Debug64|x64.Build.0 = Debug|Any CPU
		{C46CA728-DD2F-4DD1-971A-AAA89D9DFF95}.Release|Any CPU.ActiveCfg = Release|Any CPU
		{C46CA728-DD2F-4DD1-971A-AAA89D9DFF95}.Release|Any CPU.Build.0 = Release|Any CPU
		{C46CA728-DD2F-4DD1-971A-AAA89D9DFF95}.Release|x64.ActiveCfg = Release|Any CPU
		{C46CA728-DD2F-4DD1-971A-AAA89D9DFF95}.Release|x64.Build.0 = Release|Any CPU
		{C46CA728-DD2F-4DD1-971A-AAA89D9DFF95}.Release64|Any CPU.ActiveCfg = Release|Any CPU
		{C46CA728-DD2F-4DD1-971A-AAA89D9DFF95}.Release64|Any CPU.Build.0 = Release|Any CPU
		{C46CA728-DD2F-4DD1-971A-AAA89D9DFF95}.Release64|x64.ActiveCfg = Release|Any CPU
		{C46CA728-DD2F-4DD1-971A-AAA89D9DFF95}.Release64|x64.Build.0 = Release|Any CPU
		{8CD15B23-D30F-470E-99BA-9276FB7CABD4}.Debug|Any CPU.ActiveCfg = Debug|Any CPU
		{8CD15B23-D30F-470E-99BA-9276FB7CABD4}.Debug|Any CPU.Build.0 = Debug|Any CPU
		{8CD15B23-D30F-470E-99BA-9276FB7CABD4}.Debug|x64.ActiveCfg = Debug|Any CPU
		{8CD15B23-D30F-470E-99BA-9276FB7CABD4}.Debug|x64.Build.0 = Debug|Any CPU
		{8CD15B23-D30F-470E-99BA-9276FB7CABD4}.Debug64|Any CPU.ActiveCfg = Debug|Any CPU
		{8CD15B23-D30F-470E-99BA-9276FB7CABD4}.Debug64|Any CPU.Build.0 = Debug|Any CPU
		{8CD15B23-D30F-470E-99BA-9276FB7CABD4}.Debug64|x64.ActiveCfg = Debug|Any CPU
		{8CD15B23-D30F-470E-99BA-9276FB7CABD4}.Debug64|x64.Build.0 = Debug|Any CPU
		{8CD15B23-D30F-470E-99BA-9276FB7CABD4}.Release|Any CPU.ActiveCfg = Release|Any CPU
		{8CD15B23-D30F-470E-99BA-9276FB7CABD4}.Release|Any CPU.Build.0 = Release|Any CPU
		{8CD15B23-D30F-470E-99BA-9276FB7CABD4}.Release|x64.ActiveCfg = Release|Any CPU
		{8CD15B23-D30F-470E-99BA-9276FB7CABD4}.Release|x64.Build.0 = Release|Any CPU
		{8CD15B23-D30F-470E-99BA-9276FB7CABD4}.Release64|Any CPU.ActiveCfg = Release|Any CPU
		{8CD15B23-D30F-470E-99BA-9276FB7CABD4}.Release64|Any CPU.Build.0 = Release|Any CPU
		{8CD15B23-D30F-470E-99BA-9276FB7CABD4}.Release64|x64.ActiveCfg = Release|Any CPU
		{8CD15B23-D30F-470E-99BA-9276FB7CABD4}.Release64|x64.Build.0 = Release|Any CPU
		{036BCCBA-52D8-457C-84AE-8821F209FE4A}.Debug|Any CPU.ActiveCfg = Debug|Any CPU
		{036BCCBA-52D8-457C-84AE-8821F209FE4A}.Debug|Any CPU.Build.0 = Debug|Any CPU
		{036BCCBA-52D8-457C-84AE-8821F209FE4A}.Debug|x64.ActiveCfg = Debug|Any CPU
		{036BCCBA-52D8-457C-84AE-8821F209FE4A}.Debug|x64.Build.0 = Debug|Any CPU
		{036BCCBA-52D8-457C-84AE-8821F209FE4A}.Debug64|Any CPU.ActiveCfg = Debug|Any CPU
		{036BCCBA-52D8-457C-84AE-8821F209FE4A}.Debug64|Any CPU.Build.0 = Debug|Any CPU
		{036BCCBA-52D8-457C-84AE-8821F209FE4A}.Debug64|x64.ActiveCfg = Debug|Any CPU
		{036BCCBA-52D8-457C-84AE-8821F209FE4A}.Debug64|x64.Build.0 = Debug|Any CPU
		{036BCCBA-52D8-457C-84AE-8821F209FE4A}.Release|Any CPU.ActiveCfg = Release|Any CPU
		{036BCCBA-52D8-457C-84AE-8821F209FE4A}.Release|Any CPU.Build.0 = Release|Any CPU
		{036BCCBA-52D8-457C-84AE-8821F209FE4A}.Release|x64.ActiveCfg = Release|Any CPU
		{036BCCBA-52D8-457C-84AE-8821F209FE4A}.Release|x64.Build.0 = Release|Any CPU
		{036BCCBA-52D8-457C-84AE-8821F209FE4A}.Release64|Any CPU.ActiveCfg = Release|Any CPU
		{036BCCBA-52D8-457C-84AE-8821F209FE4A}.Release64|Any CPU.Build.0 = Release|Any CPU
		{036BCCBA-52D8-457C-84AE-8821F209FE4A}.Release64|x64.ActiveCfg = Release|Any CPU
		{036BCCBA-52D8-457C-84AE-8821F209FE4A}.Release64|x64.Build.0 = Release|Any CPU
		{7E61A5BD-E78F-4B80-88C9-3821B4FA062E}.Debug|Any CPU.ActiveCfg = Debug|Any CPU
		{7E61A5BD-E78F-4B80-88C9-3821B4FA062E}.Debug|Any CPU.Build.0 = Debug|Any CPU
		{7E61A5BD-E78F-4B80-88C9-3821B4FA062E}.Debug|x64.ActiveCfg = Debug|Any CPU
		{7E61A5BD-E78F-4B80-88C9-3821B4FA062E}.Debug|x64.Build.0 = Debug|Any CPU
		{7E61A5BD-E78F-4B80-88C9-3821B4FA062E}.Debug64|Any CPU.ActiveCfg = Debug|Any CPU
		{7E61A5BD-E78F-4B80-88C9-3821B4FA062E}.Debug64|Any CPU.Build.0 = Debug|Any CPU
		{7E61A5BD-E78F-4B80-88C9-3821B4FA062E}.Debug64|x64.ActiveCfg = Debug|Any CPU
		{7E61A5BD-E78F-4B80-88C9-3821B4FA062E}.Debug64|x64.Build.0 = Debug|Any CPU
		{7E61A5BD-E78F-4B80-88C9-3821B4FA062E}.Release|Any CPU.ActiveCfg = Release|Any CPU
		{7E61A5BD-E78F-4B80-88C9-3821B4FA062E}.Release|Any CPU.Build.0 = Release|Any CPU
		{7E61A5BD-E78F-4B80-88C9-3821B4FA062E}.Release|x64.ActiveCfg = Release|Any CPU
		{7E61A5BD-E78F-4B80-88C9-3821B4FA062E}.Release|x64.Build.0 = Release|Any CPU
		{7E61A5BD-E78F-4B80-88C9-3821B4FA062E}.Release64|Any CPU.ActiveCfg = Release|Any CPU
		{7E61A5BD-E78F-4B80-88C9-3821B4FA062E}.Release64|Any CPU.Build.0 = Release|Any CPU
		{7E61A5BD-E78F-4B80-88C9-3821B4FA062E}.Release64|x64.ActiveCfg = Release|Any CPU
		{7E61A5BD-E78F-4B80-88C9-3821B4FA062E}.Release64|x64.Build.0 = Release|Any CPU
		{86F6AAF2-9B50-40B8-A427-1897D76471C5}.Debug|Any CPU.ActiveCfg = Debug|Any CPU
		{86F6AAF2-9B50-40B8-A427-1897D76471C5}.Debug|Any CPU.Build.0 = Debug|Any CPU
		{86F6AAF2-9B50-40B8-A427-1897D76471C5}.Debug|x64.ActiveCfg = Debug|Any CPU
		{86F6AAF2-9B50-40B8-A427-1897D76471C5}.Debug|x64.Build.0 = Debug|Any CPU
		{86F6AAF2-9B50-40B8-A427-1897D76471C5}.Debug64|Any CPU.ActiveCfg = Debug|Any CPU
		{86F6AAF2-9B50-40B8-A427-1897D76471C5}.Debug64|Any CPU.Build.0 = Debug|Any CPU
		{86F6AAF2-9B50-40B8-A427-1897D76471C5}.Debug64|x64.ActiveCfg = Debug|Any CPU
		{86F6AAF2-9B50-40B8-A427-1897D76471C5}.Debug64|x64.Build.0 = Debug|Any CPU
		{86F6AAF2-9B50-40B8-A427-1897D76471C5}.Release|Any CPU.ActiveCfg = Release|Any CPU
		{86F6AAF2-9B50-40B8-A427-1897D76471C5}.Release|Any CPU.Build.0 = Release|Any CPU
		{86F6AAF2-9B50-40B8-A427-1897D76471C5}.Release|x64.ActiveCfg = Release|Any CPU
		{86F6AAF2-9B50-40B8-A427-1897D76471C5}.Release|x64.Build.0 = Release|Any CPU
		{86F6AAF2-9B50-40B8-A427-1897D76471C5}.Release64|Any CPU.ActiveCfg = Release|Any CPU
		{86F6AAF2-9B50-40B8-A427-1897D76471C5}.Release64|Any CPU.Build.0 = Release|Any CPU
		{86F6AAF2-9B50-40B8-A427-1897D76471C5}.Release64|x64.ActiveCfg = Release|Any CPU
		{86F6AAF2-9B50-40B8-A427-1897D76471C5}.Release64|x64.Build.0 = Release|Any CPU
		{7EE4636D-8A92-4015-9562-7FCD6ADD0645}.Debug|Any CPU.ActiveCfg = Debug|Any CPU
		{7EE4636D-8A92-4015-9562-7FCD6ADD0645}.Debug|Any CPU.Build.0 = Debug|Any CPU
		{7EE4636D-8A92-4015-9562-7FCD6ADD0645}.Debug|x64.ActiveCfg = Debug|Any CPU
		{7EE4636D-8A92-4015-9562-7FCD6ADD0645}.Debug|x64.Build.0 = Debug|Any CPU
		{7EE4636D-8A92-4015-9562-7FCD6ADD0645}.Debug64|Any CPU.ActiveCfg = Debug|Any CPU
		{7EE4636D-8A92-4015-9562-7FCD6ADD0645}.Debug64|Any CPU.Build.0 = Debug|Any CPU
		{7EE4636D-8A92-4015-9562-7FCD6ADD0645}.Debug64|x64.ActiveCfg = Debug|Any CPU
		{7EE4636D-8A92-4015-9562-7FCD6ADD0645}.Debug64|x64.Build.0 = Debug|Any CPU
		{7EE4636D-8A92-4015-9562-7FCD6ADD0645}.Release|Any CPU.ActiveCfg = Release|Any CPU
		{7EE4636D-8A92-4015-9562-7FCD6ADD0645}.Release|Any CPU.Build.0 = Release|Any CPU
		{7EE4636D-8A92-4015-9562-7FCD6ADD0645}.Release|x64.ActiveCfg = Release|Any CPU
		{7EE4636D-8A92-4015-9562-7FCD6ADD0645}.Release|x64.Build.0 = Release|Any CPU
		{7EE4636D-8A92-4015-9562-7FCD6ADD0645}.Release64|Any CPU.ActiveCfg = Release|Any CPU
		{7EE4636D-8A92-4015-9562-7FCD6ADD0645}.Release64|Any CPU.Build.0 = Release|Any CPU
		{7EE4636D-8A92-4015-9562-7FCD6ADD0645}.Release64|x64.ActiveCfg = Release|Any CPU
		{7EE4636D-8A92-4015-9562-7FCD6ADD0645}.Release64|x64.Build.0 = Release|Any CPU
		{AE37DE1F-22F7-49EE-8732-FC6BC8DC58D9}.Debug|Any CPU.ActiveCfg = Debug|Any CPU
		{AE37DE1F-22F7-49EE-8732-FC6BC8DC58D9}.Debug|Any CPU.Build.0 = Debug|Any CPU
		{AE37DE1F-22F7-49EE-8732-FC6BC8DC58D9}.Debug|x64.ActiveCfg = Debug|Any CPU
		{AE37DE1F-22F7-49EE-8732-FC6BC8DC58D9}.Debug|x64.Build.0 = Debug|Any CPU
		{AE37DE1F-22F7-49EE-8732-FC6BC8DC58D9}.Debug64|Any CPU.ActiveCfg = Debug|Any CPU
		{AE37DE1F-22F7-49EE-8732-FC6BC8DC58D9}.Debug64|Any CPU.Build.0 = Debug|Any CPU
		{AE37DE1F-22F7-49EE-8732-FC6BC8DC58D9}.Debug64|x64.ActiveCfg = Debug|Any CPU
		{AE37DE1F-22F7-49EE-8732-FC6BC8DC58D9}.Debug64|x64.Build.0 = Debug|Any CPU
		{AE37DE1F-22F7-49EE-8732-FC6BC8DC58D9}.Release|Any CPU.ActiveCfg = Release|Any CPU
		{AE37DE1F-22F7-49EE-8732-FC6BC8DC58D9}.Release|Any CPU.Build.0 = Release|Any CPU
		{AE37DE1F-22F7-49EE-8732-FC6BC8DC58D9}.Release|x64.ActiveCfg = Release|Any CPU
		{AE37DE1F-22F7-49EE-8732-FC6BC8DC58D9}.Release|x64.Build.0 = Release|Any CPU
		{AE37DE1F-22F7-49EE-8732-FC6BC8DC58D9}.Release64|Any CPU.ActiveCfg = Release|Any CPU
		{AE37DE1F-22F7-49EE-8732-FC6BC8DC58D9}.Release64|Any CPU.Build.0 = Release|Any CPU
		{AE37DE1F-22F7-49EE-8732-FC6BC8DC58D9}.Release64|x64.ActiveCfg = Release|Any CPU
		{AE37DE1F-22F7-49EE-8732-FC6BC8DC58D9}.Release64|x64.Build.0 = Release|Any CPU
		{545B6912-77FF-4B34-BA76-6C3D6A32BE6A}.Debug|Any CPU.ActiveCfg = Debug|Any CPU
		{545B6912-77FF-4B34-BA76-6C3D6A32BE6A}.Debug|Any CPU.Build.0 = Debug|Any CPU
		{545B6912-77FF-4B34-BA76-6C3D6A32BE6A}.Debug|x64.ActiveCfg = Debug|Any CPU
		{545B6912-77FF-4B34-BA76-6C3D6A32BE6A}.Debug|x64.Build.0 = Debug|Any CPU
		{545B6912-77FF-4B34-BA76-6C3D6A32BE6A}.Debug64|Any CPU.ActiveCfg = Debug|Any CPU
		{545B6912-77FF-4B34-BA76-6C3D6A32BE6A}.Debug64|Any CPU.Build.0 = Debug|Any CPU
		{545B6912-77FF-4B34-BA76-6C3D6A32BE6A}.Debug64|x64.ActiveCfg = Debug|Any CPU
		{545B6912-77FF-4B34-BA76-6C3D6A32BE6A}.Debug64|x64.Build.0 = Debug|Any CPU
		{545B6912-77FF-4B34-BA76-6C3D6A32BE6A}.Release|Any CPU.ActiveCfg = Release|Any CPU
		{545B6912-77FF-4B34-BA76-6C3D6A32BE6A}.Release|Any CPU.Build.0 = Release|Any CPU
		{545B6912-77FF-4B34-BA76-6C3D6A32BE6A}.Release|x64.ActiveCfg = Release|Any CPU
		{545B6912-77FF-4B34-BA76-6C3D6A32BE6A}.Release|x64.Build.0 = Release|Any CPU
		{545B6912-77FF-4B34-BA76-6C3D6A32BE6A}.Release64|Any CPU.ActiveCfg = Release|Any CPU
		{545B6912-77FF-4B34-BA76-6C3D6A32BE6A}.Release64|Any CPU.Build.0 = Release|Any CPU
		{545B6912-77FF-4B34-BA76-6C3D6A32BE6A}.Release64|x64.ActiveCfg = Release|Any CPU
		{545B6912-77FF-4B34-BA76-6C3D6A32BE6A}.Release64|x64.Build.0 = Release|Any CPU
		{04667764-DC7B-4B95-AEF6-B4E6C87A54E9}.Debug|Any CPU.ActiveCfg = Debug|Any CPU
		{04667764-DC7B-4B95-AEF6-B4E6C87A54E9}.Debug|Any CPU.Build.0 = Debug|Any CPU
		{04667764-DC7B-4B95-AEF6-B4E6C87A54E9}.Debug|x64.ActiveCfg = Debug|Any CPU
		{04667764-DC7B-4B95-AEF6-B4E6C87A54E9}.Debug|x64.Build.0 = Debug|Any CPU
		{04667764-DC7B-4B95-AEF6-B4E6C87A54E9}.Debug64|Any CPU.ActiveCfg = Debug|Any CPU
		{04667764-DC7B-4B95-AEF6-B4E6C87A54E9}.Debug64|Any CPU.Build.0 = Debug|Any CPU
		{04667764-DC7B-4B95-AEF6-B4E6C87A54E9}.Debug64|x64.ActiveCfg = Debug|Any CPU
		{04667764-DC7B-4B95-AEF6-B4E6C87A54E9}.Debug64|x64.Build.0 = Debug|Any CPU
		{04667764-DC7B-4B95-AEF6-B4E6C87A54E9}.Release|Any CPU.ActiveCfg = Release|Any CPU
		{04667764-DC7B-4B95-AEF6-B4E6C87A54E9}.Release|Any CPU.Build.0 = Release|Any CPU
		{04667764-DC7B-4B95-AEF6-B4E6C87A54E9}.Release|x64.ActiveCfg = Release|Any CPU
		{04667764-DC7B-4B95-AEF6-B4E6C87A54E9}.Release|x64.Build.0 = Release|Any CPU
		{04667764-DC7B-4B95-AEF6-B4E6C87A54E9}.Release64|Any CPU.ActiveCfg = Release|Any CPU
		{04667764-DC7B-4B95-AEF6-B4E6C87A54E9}.Release64|Any CPU.Build.0 = Release|Any CPU
		{04667764-DC7B-4B95-AEF6-B4E6C87A54E9}.Release64|x64.ActiveCfg = Release|Any CPU
		{04667764-DC7B-4B95-AEF6-B4E6C87A54E9}.Release64|x64.Build.0 = Release|Any CPU
		{1E01ABE0-B494-4FE4-B0D6-540133286887}.Debug|Any CPU.ActiveCfg = Debug|Any CPU
		{1E01ABE0-B494-4FE4-B0D6-540133286887}.Debug|Any CPU.Build.0 = Debug|Any CPU
		{1E01ABE0-B494-4FE4-B0D6-540133286887}.Debug|x64.ActiveCfg = Debug|Any CPU
		{1E01ABE0-B494-4FE4-B0D6-540133286887}.Debug|x64.Build.0 = Debug|Any CPU
		{1E01ABE0-B494-4FE4-B0D6-540133286887}.Debug64|Any CPU.ActiveCfg = Debug|Any CPU
		{1E01ABE0-B494-4FE4-B0D6-540133286887}.Debug64|Any CPU.Build.0 = Debug|Any CPU
		{1E01ABE0-B494-4FE4-B0D6-540133286887}.Debug64|x64.ActiveCfg = Debug|Any CPU
		{1E01ABE0-B494-4FE4-B0D6-540133286887}.Debug64|x64.Build.0 = Debug|Any CPU
		{1E01ABE0-B494-4FE4-B0D6-540133286887}.Release|Any CPU.ActiveCfg = Release|Any CPU
		{1E01ABE0-B494-4FE4-B0D6-540133286887}.Release|Any CPU.Build.0 = Release|Any CPU
		{1E01ABE0-B494-4FE4-B0D6-540133286887}.Release|x64.ActiveCfg = Release|Any CPU
		{1E01ABE0-B494-4FE4-B0D6-540133286887}.Release|x64.Build.0 = Release|Any CPU
		{1E01ABE0-B494-4FE4-B0D6-540133286887}.Release64|Any CPU.ActiveCfg = Release|Any CPU
		{1E01ABE0-B494-4FE4-B0D6-540133286887}.Release64|Any CPU.Build.0 = Release|Any CPU
		{1E01ABE0-B494-4FE4-B0D6-540133286887}.Release64|x64.ActiveCfg = Release|Any CPU
		{1E01ABE0-B494-4FE4-B0D6-540133286887}.Release64|x64.Build.0 = Release|Any CPU
		{3B09E214-DAA2-427C-BF9E-25C0BD303E96}.Debug|Any CPU.ActiveCfg = Debug|Any CPU
		{3B09E214-DAA2-427C-BF9E-25C0BD303E96}.Debug|Any CPU.Build.0 = Debug|Any CPU
		{3B09E214-DAA2-427C-BF9E-25C0BD303E96}.Debug|x64.ActiveCfg = Debug|Any CPU
		{3B09E214-DAA2-427C-BF9E-25C0BD303E96}.Debug|x64.Build.0 = Debug|Any CPU
		{3B09E214-DAA2-427C-BF9E-25C0BD303E96}.Debug64|Any CPU.ActiveCfg = Debug|Any CPU
		{3B09E214-DAA2-427C-BF9E-25C0BD303E96}.Debug64|Any CPU.Build.0 = Debug|Any CPU
		{3B09E214-DAA2-427C-BF9E-25C0BD303E96}.Debug64|x64.ActiveCfg = Debug|Any CPU
		{3B09E214-DAA2-427C-BF9E-25C0BD303E96}.Debug64|x64.Build.0 = Debug|Any CPU
		{3B09E214-DAA2-427C-BF9E-25C0BD303E96}.Release|Any CPU.ActiveCfg = Release|Any CPU
		{3B09E214-DAA2-427C-BF9E-25C0BD303E96}.Release|Any CPU.Build.0 = Release|Any CPU
		{3B09E214-DAA2-427C-BF9E-25C0BD303E96}.Release|x64.ActiveCfg = Release|Any CPU
		{3B09E214-DAA2-427C-BF9E-25C0BD303E96}.Release|x64.Build.0 = Release|Any CPU
		{3B09E214-DAA2-427C-BF9E-25C0BD303E96}.Release64|Any CPU.ActiveCfg = Release|Any CPU
		{3B09E214-DAA2-427C-BF9E-25C0BD303E96}.Release64|Any CPU.Build.0 = Release|Any CPU
		{3B09E214-DAA2-427C-BF9E-25C0BD303E96}.Release64|x64.ActiveCfg = Release|Any CPU
		{3B09E214-DAA2-427C-BF9E-25C0BD303E96}.Release64|x64.Build.0 = Release|Any CPU
		{89575B13-A421-460C-AF31-07DB9DA9FE16}.Debug|Any CPU.ActiveCfg = Debug|Any CPU
		{89575B13-A421-460C-AF31-07DB9DA9FE16}.Debug|Any CPU.Build.0 = Debug|Any CPU
		{89575B13-A421-460C-AF31-07DB9DA9FE16}.Debug|x64.ActiveCfg = Debug|Any CPU
		{89575B13-A421-460C-AF31-07DB9DA9FE16}.Debug|x64.Build.0 = Debug|Any CPU
		{89575B13-A421-460C-AF31-07DB9DA9FE16}.Debug64|Any CPU.ActiveCfg = Debug|Any CPU
		{89575B13-A421-460C-AF31-07DB9DA9FE16}.Debug64|Any CPU.Build.0 = Debug|Any CPU
		{89575B13-A421-460C-AF31-07DB9DA9FE16}.Debug64|x64.ActiveCfg = Debug|Any CPU
		{89575B13-A421-460C-AF31-07DB9DA9FE16}.Debug64|x64.Build.0 = Debug|Any CPU
		{89575B13-A421-460C-AF31-07DB9DA9FE16}.Release|Any CPU.ActiveCfg = Release|Any CPU
		{89575B13-A421-460C-AF31-07DB9DA9FE16}.Release|Any CPU.Build.0 = Release|Any CPU
		{89575B13-A421-460C-AF31-07DB9DA9FE16}.Release|x64.ActiveCfg = Release|Any CPU
		{89575B13-A421-460C-AF31-07DB9DA9FE16}.Release|x64.Build.0 = Release|Any CPU
		{89575B13-A421-460C-AF31-07DB9DA9FE16}.Release64|Any CPU.ActiveCfg = Release|Any CPU
		{89575B13-A421-460C-AF31-07DB9DA9FE16}.Release64|Any CPU.Build.0 = Release|Any CPU
		{89575B13-A421-460C-AF31-07DB9DA9FE16}.Release64|x64.ActiveCfg = Release|Any CPU
		{89575B13-A421-460C-AF31-07DB9DA9FE16}.Release64|x64.Build.0 = Release|Any CPU
		{FD2AFEB5-B16C-4C2F-BFDB-1E4FEB67421D}.Debug|Any CPU.ActiveCfg = Debug|Any CPU
		{FD2AFEB5-B16C-4C2F-BFDB-1E4FEB67421D}.Debug|Any CPU.Build.0 = Debug|Any CPU
		{FD2AFEB5-B16C-4C2F-BFDB-1E4FEB67421D}.Debug|x64.ActiveCfg = Debug|Any CPU
		{FD2AFEB5-B16C-4C2F-BFDB-1E4FEB67421D}.Debug|x64.Build.0 = Debug|Any CPU
		{FD2AFEB5-B16C-4C2F-BFDB-1E4FEB67421D}.Debug64|Any CPU.ActiveCfg = Debug|Any CPU
		{FD2AFEB5-B16C-4C2F-BFDB-1E4FEB67421D}.Debug64|Any CPU.Build.0 = Debug|Any CPU
		{FD2AFEB5-B16C-4C2F-BFDB-1E4FEB67421D}.Debug64|x64.ActiveCfg = Debug|Any CPU
		{FD2AFEB5-B16C-4C2F-BFDB-1E4FEB67421D}.Debug64|x64.Build.0 = Debug|Any CPU
		{FD2AFEB5-B16C-4C2F-BFDB-1E4FEB67421D}.Release|Any CPU.ActiveCfg = Release|Any CPU
		{FD2AFEB5-B16C-4C2F-BFDB-1E4FEB67421D}.Release|Any CPU.Build.0 = Release|Any CPU
		{FD2AFEB5-B16C-4C2F-BFDB-1E4FEB67421D}.Release|x64.ActiveCfg = Release|Any CPU
		{FD2AFEB5-B16C-4C2F-BFDB-1E4FEB67421D}.Release|x64.Build.0 = Release|Any CPU
		{FD2AFEB5-B16C-4C2F-BFDB-1E4FEB67421D}.Release64|Any CPU.ActiveCfg = Release|Any CPU
		{FD2AFEB5-B16C-4C2F-BFDB-1E4FEB67421D}.Release64|Any CPU.Build.0 = Release|Any CPU
		{FD2AFEB5-B16C-4C2F-BFDB-1E4FEB67421D}.Release64|x64.ActiveCfg = Release|Any CPU
		{FD2AFEB5-B16C-4C2F-BFDB-1E4FEB67421D}.Release64|x64.Build.0 = Release|Any CPU
	EndGlobalSection
	GlobalSection(SolutionProperties) = preSolution
		HideSolutionNode = FALSE
	EndGlobalSection
	GlobalSection(NestedProjects) = preSolution
		{657DBC6D-C3EA-4398-A3FA-DDB73C14F71B} = {0F8F87C6-662F-464B-BE24-8AAA7DBB0EBB}
		{9B062971-A88E-4A3D-B3C9-12B78D15FA66} = {0F8F87C6-662F-464B-BE24-8AAA7DBB0EBB}
		{94838988-523C-4B11-AD82-8B9B76F23A31} = {0F8F87C6-662F-464B-BE24-8AAA7DBB0EBB}
		{74F6BB6C-9D02-4512-A59A-21940E35C532} = {0F8F87C6-662F-464B-BE24-8AAA7DBB0EBB}
		{670BDDFF-927B-425D-9DD1-22ACB14356EB} = {0F8F87C6-662F-464B-BE24-8AAA7DBB0EBB}
		{D3E41B4E-BFBB-44CA-94C8-95C00F754FDD} = {0F8F87C6-662F-464B-BE24-8AAA7DBB0EBB}
		{23EC3364-7C93-4169-9AB2-7181C66004C0} = {7C78A472-BA28-419B-966F-096CE99FBCF7}
		{2C564BE1-352D-4DDB-8226-F0981F983C60} = {7C78A472-BA28-419B-966F-096CE99FBCF7}
		{8CB3464F-6130-4EDB-8DC6-CCD2697FAFBB} = {7C78A472-BA28-419B-966F-096CE99FBCF7}
		{C46CA728-DD2F-4DD1-971A-AAA89D9DFF95} = {7C78A472-BA28-419B-966F-096CE99FBCF7}
		{8CD15B23-D30F-470E-99BA-9276FB7CABD4} = {7C78A472-BA28-419B-966F-096CE99FBCF7}
		{036BCCBA-52D8-457C-84AE-8821F209FE4A} = {0F8F87C6-662F-464B-BE24-8AAA7DBB0EBB}
		{7E61A5BD-E78F-4B80-88C9-3821B4FA062E} = {0F8F87C6-662F-464B-BE24-8AAA7DBB0EBB}
		{86F6AAF2-9B50-40B8-A427-1897D76471C5} = {0F8F87C6-662F-464B-BE24-8AAA7DBB0EBB}
		{7EE4636D-8A92-4015-9562-7FCD6ADD0645} = {0F8F87C6-662F-464B-BE24-8AAA7DBB0EBB}
		{AE37DE1F-22F7-49EE-8732-FC6BC8DC58D9} = {0F8F87C6-662F-464B-BE24-8AAA7DBB0EBB}
		{545B6912-77FF-4B34-BA76-6C3D6A32BE6A} = {0F8F87C6-662F-464B-BE24-8AAA7DBB0EBB}
		{04667764-DC7B-4B95-AEF6-B4E6C87A54E9} = {0F8F87C6-662F-464B-BE24-8AAA7DBB0EBB}
		{1E01ABE0-B494-4FE4-B0D6-540133286887} = {0F8F87C6-662F-464B-BE24-8AAA7DBB0EBB}
		{3B09E214-DAA2-427C-BF9E-25C0BD303E96} = {0F8F87C6-662F-464B-BE24-8AAA7DBB0EBB}
		{89575B13-A421-460C-AF31-07DB9DA9FE16} = {0F8F87C6-662F-464B-BE24-8AAA7DBB0EBB}
		{FD2AFEB5-B16C-4C2F-BFDB-1E4FEB67421D} = {0F8F87C6-662F-464B-BE24-8AAA7DBB0EBB}
	EndGlobalSection
	GlobalSection(ExtensibilityGlobals) = postSolution
		SolutionGuid = {855FA983-A3BD-498A-8733-E911268656B3}
	EndGlobalSection
EndGlobal
